
Microsoft Visual Studio Solution File, Format Version 12.00
# Visual Studio Version 16
VisualStudioVersion = 16.0.29709.97
MinimumVisualStudioVersion = 10.0.40219.1
Project("{8BC9CEB8-8B4A-11D0-8D11-00A0C91BC942}") = "Template", "CLearningCode\CLearningCode.vcxproj", "{EAED8BC9-A4F8-4C95-8119-928F1F2FC56D}"
EndProject
Project("{2150E333-8FDC-42A3-9474-1A3956D46DE8}") = "Template", "Template", "{92EB0F15-37A5-49C4-8C13-33F46B185E4B}"
EndProject
Project("{2150E333-8FDC-42A3-9474-1A3956D46DE8}") = "CH03", "CH03", "{98A0202D-1E2C-4461-B16C-4B2A366A13DF}"
EndProject
Project("{8BC9CEB8-8B4A-11D0-8D11-00A0C91BC942}") = "ASCIITest", "ASCIITest\ASCIITest.vcxproj", "{AD89B9C4-D8E9-436D-8E25-51D0B9331FE3}"
EndProject
Project("{2150E333-8FDC-42A3-9474-1A3956D46DE8}") = "CH04", "CH04", "{2D93E15E-078A-455A-8F71-8F0C7A921AC3}"
EndProject
Project("{8BC9CEB8-8B4A-11D0-8D11-00A0C91BC942}") = "AverageTest", "AverageTest\AverageTest.vcxproj", "{B0859FCB-A292-4BB6-AA0A-4B54484700A8}"
EndProject
Project("{8BC9CEB8-8B4A-11D0-8D11-00A0C91BC942}") = "ThanAverage", "ThanAverage\ThanAverage.vcxproj", "{0152DD02-4578-4879-BF6D-E0F4A03AEB4F}"
EndProject
Project("{2150E333-8FDC-42A3-9474-1A3956D46DE8}") = "CH05", "CH05", "{80708C4D-A3FD-405F-AB5D-1F210ADC9346}"
EndProject
Project("{8BC9CEB8-8B4A-11D0-8D11-00A0C91BC942}") = "SizeofTest", "SizeofTest\SizeofTest.vcxproj", "{06A7B9EA-7805-4C86-828C-7586A85185F7}"
EndProject
Project("{8BC9CEB8-8B4A-11D0-8D11-00A0C91BC942}") = "SeatRate", "SeatRate\SeatRate.vcxproj", "{19797FC1-72B1-44A3-B98F-77C5E2B4CE5D}"
EndProject
Project("{8BC9CEB8-8B4A-11D0-8D11-00A0C91BC942}") = "HourToMinute", "HourToMinute\HourToMinute.vcxproj", "{FA6D7505-1C17-448F-BEB5-56219D7D35B5}"
EndProject
Project("{8BC9CEB8-8B4A-11D0-8D11-00A0C91BC942}") = "BMITest", "BMITest\BMITest.vcxproj", "{A8ED9A35-7F29-49A4-BF16-BA22348B14EA}"
EndProject
Project("{8BC9CEB8-8B4A-11D0-8D11-00A0C91BC942}") = "IfCode1", "IfCode1\IfCode1.vcxproj", "{FA077FA2-2722-42DA-B749-031B11A6A440}"
EndProject
Project("{2150E333-8FDC-42A3-9474-1A3956D46DE8}") = "CH06", "CH06", "{0ED14F5F-3C3D-446B-81AC-AB47490F4943}"
EndProject
Project("{8BC9CEB8-8B4A-11D0-8D11-00A0C91BC942}") = "TestCh6", "TestCh6\TestCh6.vcxproj", "{69FE80AD-8459-486B-AFC4-52E0CB01900C}"
EndProject
Project("{8BC9CEB8-8B4A-11D0-8D11-00A0C91BC942}") = "CheckCh6", "CheckCh6\CheckCh6.vcxproj", "{B1C0F5B3-9577-4F28-80C9-0AD1B2E98AF4}"
EndProject
Project("{2150E333-8FDC-42A3-9474-1A3956D46DE8}") = "Test", "Test", "{0DE4282F-CC1F-45F5-A59F-8F05B2DA5D78}"
EndProject
Project("{8BC9CEB8-8B4A-11D0-8D11-00A0C91BC942}") = "TestCh4", "TestCh4\TestCh4.vcxproj", "{3299DEA4-BD08-4080-832D-283523ADA1E3}"
EndProject
Global
	GlobalSection(SolutionConfigurationPlatforms) = preSolution
		Debug|x64 = Debug|x64
		Debug|x86 = Debug|x86
		Release|x64 = Release|x64
		Release|x86 = Release|x86
	EndGlobalSection
	GlobalSection(ProjectConfigurationPlatforms) = postSolution
		{EAED8BC9-A4F8-4C95-8119-928F1F2FC56D}.Debug|x64.ActiveCfg = Debug|x64
		{EAED8BC9-A4F8-4C95-8119-928F1F2FC56D}.Debug|x64.Build.0 = Debug|x64
		{EAED8BC9-A4F8-4C95-8119-928F1F2FC56D}.Debug|x86.ActiveCfg = Debug|Win32
		{EAED8BC9-A4F8-4C95-8119-928F1F2FC56D}.Debug|x86.Build.0 = Debug|Win32
		{EAED8BC9-A4F8-4C95-8119-928F1F2FC56D}.Release|x64.ActiveCfg = Release|x64
		{EAED8BC9-A4F8-4C95-8119-928F1F2FC56D}.Release|x64.Build.0 = Release|x64
		{EAED8BC9-A4F8-4C95-8119-928F1F2FC56D}.Release|x86.ActiveCfg = Release|Win32
		{EAED8BC9-A4F8-4C95-8119-928F1F2FC56D}.Release|x86.Build.0 = Release|Win32
		{AD89B9C4-D8E9-436D-8E25-51D0B9331FE3}.Debug|x64.ActiveCfg = Debug|x64
		{AD89B9C4-D8E9-436D-8E25-51D0B9331FE3}.Debug|x64.Build.0 = Debug|x64
		{AD89B9C4-D8E9-436D-8E25-51D0B9331FE3}.Debug|x86.ActiveCfg = Debug|Win32
		{AD89B9C4-D8E9-436D-8E25-51D0B9331FE3}.Debug|x86.Build.0 = Debug|Win32
		{AD89B9C4-D8E9-436D-8E25-51D0B9331FE3}.Release|x64.ActiveCfg = Release|x64
		{AD89B9C4-D8E9-436D-8E25-51D0B9331FE3}.Release|x64.Build.0 = Release|x64
		{AD89B9C4-D8E9-436D-8E25-51D0B9331FE3}.Release|x86.ActiveCfg = Release|Win32
		{AD89B9C4-D8E9-436D-8E25-51D0B9331FE3}.Release|x86.Build.0 = Release|Win32
		{B0859FCB-A292-4BB6-AA0A-4B54484700A8}.Debug|x64.ActiveCfg = Debug|x64
		{B0859FCB-A292-4BB6-AA0A-4B54484700A8}.Debug|x64.Build.0 = Debug|x64
		{B0859FCB-A292-4BB6-AA0A-4B54484700A8}.Debug|x86.ActiveCfg = Debug|Win32
		{B0859FCB-A292-4BB6-AA0A-4B54484700A8}.Debug|x86.Build.0 = Debug|Win32
		{B0859FCB-A292-4BB6-AA0A-4B54484700A8}.Release|x64.ActiveCfg = Release|x64
		{B0859FCB-A292-4BB6-AA0A-4B54484700A8}.Release|x64.Build.0 = Release|x64
		{B0859FCB-A292-4BB6-AA0A-4B54484700A8}.Release|x86.ActiveCfg = Release|Win32
		{B0859FCB-A292-4BB6-AA0A-4B54484700A8}.Release|x86.Build.0 = Release|Win32
		{0152DD02-4578-4879-BF6D-E0F4A03AEB4F}.Debug|x64.ActiveCfg = Debug|x64
		{0152DD02-4578-4879-BF6D-E0F4A03AEB4F}.Debug|x64.Build.0 = Debug|x64
		{0152DD02-4578-4879-BF6D-E0F4A03AEB4F}.Debug|x86.ActiveCfg = Debug|Win32
		{0152DD02-4578-4879-BF6D-E0F4A03AEB4F}.Debug|x86.Build.0 = Debug|Win32
		{0152DD02-4578-4879-BF6D-E0F4A03AEB4F}.Release|x64.ActiveCfg = Release|x64
		{0152DD02-4578-4879-BF6D-E0F4A03AEB4F}.Release|x64.Build.0 = Release|x64
		{0152DD02-4578-4879-BF6D-E0F4A03AEB4F}.Release|x86.ActiveCfg = Release|Win32
		{0152DD02-4578-4879-BF6D-E0F4A03AEB4F}.Release|x86.Build.0 = Release|Win32
		{06A7B9EA-7805-4C86-828C-7586A85185F7}.Debug|x64.ActiveCfg = Debug|x64
		{06A7B9EA-7805-4C86-828C-7586A85185F7}.Debug|x64.Build.0 = Debug|x64
		{06A7B9EA-7805-4C86-828C-7586A85185F7}.Debug|x86.ActiveCfg = Debug|Win32
		{06A7B9EA-7805-4C86-828C-7586A85185F7}.Debug|x86.Build.0 = Debug|Win32
		{06A7B9EA-7805-4C86-828C-7586A85185F7}.Release|x64.ActiveCfg = Release|x64
		{06A7B9EA-7805-4C86-828C-7586A85185F7}.Release|x64.Build.0 = Release|x64
		{06A7B9EA-7805-4C86-828C-7586A85185F7}.Release|x86.ActiveCfg = Release|Win32
		{06A7B9EA-7805-4C86-828C-7586A85185F7}.Release|x86.Build.0 = Release|Win32
		{19797FC1-72B1-44A3-B98F-77C5E2B4CE5D}.Debug|x64.ActiveCfg = Debug|x64
		{19797FC1-72B1-44A3-B98F-77C5E2B4CE5D}.Debug|x64.Build.0 = Debug|x64
		{19797FC1-72B1-44A3-B98F-77C5E2B4CE5D}.Debug|x86.ActiveCfg = Debug|Win32
		{19797FC1-72B1-44A3-B98F-77C5E2B4CE5D}.Debug|x86.Build.0 = Debug|Win32
		{19797FC1-72B1-44A3-B98F-77C5E2B4CE5D}.Release|x64.ActiveCfg = Release|x64
		{19797FC1-72B1-44A3-B98F-77C5E2B4CE5D}.Release|x64.Build.0 = Release|x64
		{19797FC1-72B1-44A3-B98F-77C5E2B4CE5D}.Release|x86.ActiveCfg = Release|Win32
		{19797FC1-72B1-44A3-B98F-77C5E2B4CE5D}.Release|x86.Build.0 = Release|Win32
		{FA6D7505-1C17-448F-BEB5-56219D7D35B5}.Debug|x64.ActiveCfg = Debug|x64
		{FA6D7505-1C17-448F-BEB5-56219D7D35B5}.Debug|x64.Build.0 = Debug|x64
		{FA6D7505-1C17-448F-BEB5-56219D7D35B5}.Debug|x86.ActiveCfg = Debug|Win32
		{FA6D7505-1C17-448F-BEB5-56219D7D35B5}.Debug|x86.Build.0 = Debug|Win32
		{FA6D7505-1C17-448F-BEB5-56219D7D35B5}.Release|x64.ActiveCfg = Release|x64
		{FA6D7505-1C17-448F-BEB5-56219D7D35B5}.Release|x64.Build.0 = Release|x64
		{FA6D7505-1C17-448F-BEB5-56219D7D35B5}.Release|x86.ActiveCfg = Release|Win32
		{FA6D7505-1C17-448F-BEB5-56219D7D35B5}.Release|x86.Build.0 = Release|Win32
		{A8ED9A35-7F29-49A4-BF16-BA22348B14EA}.Debug|x64.ActiveCfg = Debug|x64
		{A8ED9A35-7F29-49A4-BF16-BA22348B14EA}.Debug|x64.Build.0 = Debug|x64
		{A8ED9A35-7F29-49A4-BF16-BA22348B14EA}.Debug|x86.ActiveCfg = Debug|Win32
		{A8ED9A35-7F29-49A4-BF16-BA22348B14EA}.Debug|x86.Build.0 = Debug|Win32
		{A8ED9A35-7F29-49A4-BF16-BA22348B14EA}.Release|x64.ActiveCfg = Release|x64
		{A8ED9A35-7F29-49A4-BF16-BA22348B14EA}.Release|x64.Build.0 = Release|x64
		{A8ED9A35-7F29-49A4-BF16-BA22348B14EA}.Release|x86.ActiveCfg = Release|Win32
		{A8ED9A35-7F29-49A4-BF16-BA22348B14EA}.Release|x86.Build.0 = Release|Win32
		{FA077FA2-2722-42DA-B749-031B11A6A440}.Debug|x64.ActiveCfg = Debug|x64
		{FA077FA2-2722-42DA-B749-031B11A6A440}.Debug|x64.Build.0 = Debug|x64
		{FA077FA2-2722-42DA-B749-031B11A6A440}.Debug|x86.ActiveCfg = Debug|Win32
		{FA077FA2-2722-42DA-B749-031B11A6A440}.Debug|x86.Build.0 = Debug|Win32
		{FA077FA2-2722-42DA-B749-031B11A6A440}.Release|x64.ActiveCfg = Release|x64
		{FA077FA2-2722-42DA-B749-031B11A6A440}.Release|x64.Build.0 = Release|x64
		{FA077FA2-2722-42DA-B749-031B11A6A440}.Release|x86.ActiveCfg = Release|Win32
		{FA077FA2-2722-42DA-B749-031B11A6A440}.Release|x86.Build.0 = Release|Win32
		{69FE80AD-8459-486B-AFC4-52E0CB01900C}.Debug|x64.ActiveCfg = Debug|x64
		{69FE80AD-8459-486B-AFC4-52E0CB01900C}.Debug|x64.Build.0 = Debug|x64
		{69FE80AD-8459-486B-AFC4-52E0CB01900C}.Debug|x86.ActiveCfg = Debug|Win32
		{69FE80AD-8459-486B-AFC4-52E0CB01900C}.Debug|x86.Build.0 = Debug|Win32
		{69FE80AD-8459-486B-AFC4-52E0CB01900C}.Release|x64.ActiveCfg = Release|x64
		{69FE80AD-8459-486B-AFC4-52E0CB01900C}.Release|x64.Build.0 = Release|x64
		{69FE80AD-8459-486B-AFC4-52E0CB01900C}.Release|x86.ActiveCfg = Release|Win32
		{69FE80AD-8459-486B-AFC4-52E0CB01900C}.Release|x86.Build.0 = Release|Win32
		{B1C0F5B3-9577-4F28-80C9-0AD1B2E98AF4}.Debug|x64.ActiveCfg = Debug|x64
		{B1C0F5B3-9577-4F28-80C9-0AD1B2E98AF4}.Debug|x64.Build.0 = Debug|x64
		{B1C0F5B3-9577-4F28-80C9-0AD1B2E98AF4}.Debug|x86.ActiveCfg = Debug|Win32
		{B1C0F5B3-9577-4F28-80C9-0AD1B2E98AF4}.Debug|x86.Build.0 = Debug|Win32
		{B1C0F5B3-9577-4F28-80C9-0AD1B2E98AF4}.Release|x64.ActiveCfg = Release|x64
		{B1C0F5B3-9577-4F28-80C9-0AD1B2E98AF4}.Release|x64.Build.0 = Release|x64
		{B1C0F5B3-9577-4F28-80C9-0AD1B2E98AF4}.Release|x86.ActiveCfg = Release|Win32
		{B1C0F5B3-9577-4F28-80C9-0AD1B2E98AF4}.Release|x86.Build.0 = Release|Win32
		{3299DEA4-BD08-4080-832D-283523ADA1E3}.Debug|x64.ActiveCfg = Debug|x64
		{3299DEA4-BD08-4080-832D-283523ADA1E3}.Debug|x64.Build.0 = Debug|x64
		{3299DEA4-BD08-4080-832D-283523ADA1E3}.Debug|x86.ActiveCfg = Debug|Win32
		{3299DEA4-BD08-4080-832D-283523ADA1E3}.Debug|x86.Build.0 = Debug|Win32
		{3299DEA4-BD08-4080-832D-283523ADA1E3}.Release|x64.ActiveCfg = Release|x64
		{3299DEA4-BD08-4080-832D-283523ADA1E3}.Release|x64.Build.0 = Release|x64
		{3299DEA4-BD08-4080-832D-283523ADA1E3}.Release|x86.ActiveCfg = Release|Win32
		{3299DEA4-BD08-4080-832D-283523ADA1E3}.Release|x86.Build.0 = Release|Win32
	EndGlobalSection
	GlobalSection(SolutionProperties) = preSolution
		HideSolutionNode = FALSE
	EndGlobalSection
	GlobalSection(NestedProjects) = preSolution
		{EAED8BC9-A4F8-4C95-8119-928F1F2FC56D} = {92EB0F15-37A5-49C4-8C13-33F46B185E4B}
		{AD89B9C4-D8E9-436D-8E25-51D0B9331FE3} = {98A0202D-1E2C-4461-B16C-4B2A366A13DF}
		{B0859FCB-A292-4BB6-AA0A-4B54484700A8} = {2D93E15E-078A-455A-8F71-8F0C7A921AC3}
		{0152DD02-4578-4879-BF6D-E0F4A03AEB4F} = {2D93E15E-078A-455A-8F71-8F0C7A921AC3}
		{06A7B9EA-7805-4C86-828C-7586A85185F7} = {2D93E15E-078A-455A-8F71-8F0C7A921AC3}
		{19797FC1-72B1-44A3-B98F-77C5E2B4CE5D} = {2D93E15E-078A-455A-8F71-8F0C7A921AC3}
		{FA6D7505-1C17-448F-BEB5-56219D7D35B5} = {2D93E15E-078A-455A-8F71-8F0C7A921AC3}
		{A8ED9A35-7F29-49A4-BF16-BA22348B14EA} = {2D93E15E-078A-455A-8F71-8F0C7A921AC3}
		{FA077FA2-2722-42DA-B749-031B11A6A440} = {80708C4D-A3FD-405F-AB5D-1F210ADC9346}
		{69FE80AD-8459-486B-AFC4-52E0CB01900C} = {0ED14F5F-3C3D-446B-81AC-AB47490F4943}
		{B1C0F5B3-9577-4F28-80C9-0AD1B2E98AF4} = {0ED14F5F-3C3D-446B-81AC-AB47490F4943}
		{3299DEA4-BD08-4080-832D-283523ADA1E3} = {0DE4282F-CC1F-45F5-A59F-8F05B2DA5D78}
	EndGlobalSection
	GlobalSection(ExtensibilityGlobals) = postSolution
		SolutionGuid = {CFEC0994-E47B-4319-9939-6878F3929F6B}
	EndGlobalSection
EndGlobal
