
Microsoft Visual Studio Solution File, Format Version 12.00
# Visual Studio Version 16
VisualStudioVersion = 16.0.30225.117
MinimumVisualStudioVersion = 10.0.40219.1
Project("{FAE04EC0-301F-11D3-BF4B-00C04F79EFBC}") = "HelloApp", "HelloApp\HelloApp.csproj", "{E594269A-3285-4584-AC88-29D0FB4B6EF3}"
EndProject
Project("{FAE04EC0-301F-11D3-BF4B-00C04F79EFBC}") = "IntegerType", "IntegerType\IntegerType.csproj", "{187557B4-54F6-4892-8536-AE60CA38C0C6}"
EndProject
Project("{FAE04EC0-301F-11D3-BF4B-00C04F79EFBC}") = "BoxingUnboxing", "BoxingUnboxing\BoxingUnboxing.csproj", "{A8566626-1558-45DE-86AC-5DA71CD7D927}"
EndProject
Project("{FAE04EC0-301F-11D3-BF4B-00C04F79EFBC}") = "IntegralConversion", "IntegralConversion\IntegralConversion.csproj", "{91A5A780-112B-4333-A33A-634BA7EDDC2C}"
EndProject
Project("{2150E333-8FDC-42A3-9474-1A3956D46DE8}") = "Chap03", "Chap03", "{B52D008B-543E-4041-9979-55835F16C90B}"
EndProject
Project("{2150E333-8FDC-42A3-9474-1A3956D46DE8}") = "Chap02", "Chap02", "{128B5D78-C29A-498D-B75A-52EEF8DFE0DC}"
EndProject
Project("{9A19103F-16F7-4668-BE54-9A1E7A4F7556}") = "StringNumberConversion", "StringNumberConversion\StringNumberConversion.csproj", "{8EECB601-5D41-4F4E-8E6D-DCD7AA2D0B51}"
EndProject
Project("{FAE04EC0-301F-11D3-BF4B-00C04F79EFBC}") = "EnumApp", "EnumApp\EnumApp.csproj", "{065FA21A-B53C-4A30-A985-55B1EDB757C4}"
EndProject
Project("{FAE04EC0-301F-11D3-BF4B-00C04F79EFBC}") = "NullableApp", "NullableApp\NullableApp.csproj", "{70B043F1-10E1-457D-9DA0-9E88AF34BB04}"
EndProject
Project("{2150E333-8FDC-42A3-9474-1A3956D46DE8}") = "Appendix A", "Appendix A", "{76DA10F2-B7F8-44F7-BA4D-AFBA1F3A6FAD}"
EndProject
Project("{FAE04EC0-301F-11D3-BF4B-00C04F79EFBC}") = "StringSerachApp", "StringSerachApp\StringSerachApp.csproj", "{ECA303F5-A472-41C1-9A47-4CC26E4E3509}"
EndProject
Project("{2150E333-8FDC-42A3-9474-1A3956D46DE8}") = "Chap05", "Chap05", "{B82D2FBF-22B7-40DA-9883-A2356140E44D}"
EndProject
Project("{FAE04EC0-301F-11D3-BF4B-00C04F79EFBC}") = "IfElseApp", "IfElseApp\IfElseApp.csproj", "{F5D865CF-CA2B-47DA-9607-E1D12BF4FD40}"
EndProject
Project("{FAE04EC0-301F-11D3-BF4B-00C04F79EFBC}") = "SwitchCaseApp", "SwitchCaseApp\SwitchCaseApp.csproj", "{A47FC7AC-DFB4-452F-A842-847AAA7C422E}"
EndProject
Project("{FAE04EC0-301F-11D3-BF4B-00C04F79EFBC}") = "WhileApp", "WhileApp\WhileApp.csproj", "{AC166766-B588-4D04-8B70-4F51C819B316}"
EndProject
Project("{2150E333-8FDC-42A3-9474-1A3956D46DE8}") = "Chap06", "Chap06", "{15412E83-6D4E-47F9-BCE5-DC916F7A69AF}"
EndProject
Project("{FAE04EC0-301F-11D3-BF4B-00C04F79EFBC}") = "SwapByValue", "SwapByValue\SwapByValue.csproj", "{E309DDAC-A610-4863-B792-E5D4671E8294}"
EndProject
Project("{FAE04EC0-301F-11D3-BF4B-00C04F79EFBC}") = "RefReturn", "RefReturn\RefReturn.csproj", "{6511F65D-FBA3-456C-A250-968A2231F912}"
EndProject
Project("{FAE04EC0-301F-11D3-BF4B-00C04F79EFBC}") = "UsingOut", "UsingOut\UsingOut.csproj", "{7CA8C139-1200-4CEE-BEFF-303237C26F1A}"
EndProject
Project("{FAE04EC0-301F-11D3-BF4B-00C04F79EFBC}") = "Overloading", "Overloading\Overloading.csproj", "{FA7437D6-3270-41CD-8FAA-478BFE38A7E5}"
EndProject
Project("{FAE04EC0-301F-11D3-BF4B-00C04F79EFBC}") = "LocalFunction", "LocalFunction\LocalFunction.csproj", "{BC9DA2BD-EF92-4B9E-89A9-D8C83821F82F}"
EndProject
Project("{FAE04EC0-301F-11D3-BF4B-00C04F79EFBC}") = "Ex6_1", "Ex6_1\Ex6_1.csproj", "{A40FC96E-3CEA-4358-B9E3-A3A23577DB2F}"
EndProject
Project("{FAE04EC0-301F-11D3-BF4B-00C04F79EFBC}") = "Ex6_2", "Ex6_2\Ex6_2.csproj", "{0C5388A7-CE31-46BD-928B-D76046343F14}"
EndProject
Project("{FAE04EC0-301F-11D3-BF4B-00C04F79EFBC}") = "Ex6_3", "Ex6_3\Ex6_3.csproj", "{61B5CFFC-3235-4CA5-88D9-0843A0A337DC}"
EndProject
Project("{2150E333-8FDC-42A3-9474-1A3956D46DE8}") = "Chap07", "Chap07", "{EFCE9E2F-F2C7-463F-8A1E-35F407C4370B}"
EndProject
Project("{FAE04EC0-301F-11D3-BF4B-00C04F79EFBC}") = "BasicClass", "BasicClass\BasicClass.csproj", "{5A2E2B74-A6C1-4D67-9466-BDC8113833DA}"
EndProject
Project("{FAE04EC0-301F-11D3-BF4B-00C04F79EFBC}") = "StaticField", "StaticField\StaticField.csproj", "{5232C4F7-2FCA-4B7C-BFF0-C41AFD11FCDB}"
EndProject
Project("{FAE04EC0-301F-11D3-BF4B-00C04F79EFBC}") = "DeepCopy", "DeepCopy\DeepCopy.csproj", "{9A604D9D-B858-48EB-B21A-90568092438F}"
EndProject
Project("{FAE04EC0-301F-11D3-BF4B-00C04F79EFBC}") = "AccessModifier", "AccessModifier\AccessModifier.csproj", "{3BF21A0D-671B-4C13-A432-54EEC00A2BF0}"
EndProject
Project("{FAE04EC0-301F-11D3-BF4B-00C04F79EFBC}") = "Inheritance", "Inheritance\Inheritance.csproj", "{0C4B791F-78F7-4606-8AD4-3533CA4AA1E5}"
EndProject
Project("{FAE04EC0-301F-11D3-BF4B-00C04F79EFBC}") = "ClassTypeCasting", "ClassTypeCasting\ClassTypeCasting.csproj", "{DE3E68EB-A086-4188-A5A4-EBAA7D1D8E38}"
EndProject
Project("{FAE04EC0-301F-11D3-BF4B-00C04F79EFBC}") = "Overriding", "Overriding\Overriding.csproj", "{B7DC539A-DB0A-43C9-8C60-504381E9600F}"
EndProject
Project("{FAE04EC0-301F-11D3-BF4B-00C04F79EFBC}") = "NestedClass", "NestedClass\NestedClass.csproj", "{7F8A523D-0B98-4871-9A10-75EB102FD96F}"
EndProject
Project("{FAE04EC0-301F-11D3-BF4B-00C04F79EFBC}") = "ExtensionMethod", "ExtensionMethod\ExtensionMethod.csproj", "{C1BAD835-4BD4-47EF-9F91-943E7E41F358}"
EndProject
Project("{FAE04EC0-301F-11D3-BF4B-00C04F79EFBC}") = "Structure", "Structure\Structure.csproj", "{D05157F4-2774-4F90-9128-EF8BF6E2DC09}"
EndProject
Project("{FAE04EC0-301F-11D3-BF4B-00C04F79EFBC}") = "Tuple", "Tuple\Tuple.csproj", "{C41D7234-6464-4E66-B989-D701628665FD}"
EndProject
Project("{FAE04EC0-301F-11D3-BF4B-00C04F79EFBC}") = "Ex7_2", "Ex7_2\Ex7_2.csproj", "{CC8E6E48-402E-4257-BF4E-DB9AAC8282A0}"
EndProject
Project("{2150E333-8FDC-42A3-9474-1A3956D46DE8}") = "Chap08", "Chap08", "{869BFD71-C951-454D-9D49-6E6E42FB8AA1}"
EndProject
Project("{FAE04EC0-301F-11D3-BF4B-00C04F79EFBC}") = "Interface", "Interface\Interface.csproj", "{A564ED24-947A-46B3-8F4C-F620F274C388}"
EndProject
Project("{FAE04EC0-301F-11D3-BF4B-00C04F79EFBC}") = "MultiInterfaceInheritance", "MultiInterfaceInheritance\MultiInterfaceInheritance.csproj", "{6E560EF4-009B-41EA-947D-D966AD5CD922}"
EndProject
Project("{FAE04EC0-301F-11D3-BF4B-00C04F79EFBC}") = "AbstractClass", "AbstractClass\AbstractClass.csproj", "{A33D539B-1C75-462F-AE93-64E81309F4FB}"
EndProject
Project("{FAE04EC0-301F-11D3-BF4B-00C04F79EFBC}") = "Property", "Property\Property.csproj", "{6C725CEC-3058-4433-A994-7C2FB4F4D680}"
EndProject
Project("{2150E333-8FDC-42A3-9474-1A3956D46DE8}") = "Chap09", "Chap09", "{FDF87562-0428-4CE9-9124-F23CED1E6558}"
EndProject
Project("{FAE04EC0-301F-11D3-BF4B-00C04F79EFBC}") = "PropertyInterface", "PropertyInterface\PropertyInterface.csproj", "{ADC31317-8268-41F4-8F28-06F74A122967}"
EndProject
Project("{2150E333-8FDC-42A3-9474-1A3956D46DE8}") = "Chap10", "Chap10", "{1DA7D391-B73B-40F9-AB61-20C3A314CA82}"
EndProject
Project("{FAE04EC0-301F-11D3-BF4B-00C04F79EFBC}") = "UsingList", "UsingList\UsingList.csproj", "{A941EF31-0004-465E-8060-A700D33EC071}"
EndProject
Project("{FAE04EC0-301F-11D3-BF4B-00C04F79EFBC}") = "UsingHashTable", "UsingHashTable\UsingHashTable.csproj", "{DE16EE2D-CC32-4921-ABC3-725B7D210302}"
EndProject
Project("{FAE04EC0-301F-11D3-BF4B-00C04F79EFBC}") = "UsingIndexer", "UsingIndexer\UsingIndexer.csproj", "{683C132B-B8EB-4E7F-B4B2-3887344BF4D3}"
EndProject
Project("{FAE04EC0-301F-11D3-BF4B-00C04F79EFBC}") = "UsingYield", "UsingYield\UsingYield.csproj", "{67DDE1E0-558D-400F-AC4A-640578EB1886}"
EndProject
Project("{FAE04EC0-301F-11D3-BF4B-00C04F79EFBC}") = "UsingEnumerable", "UsingEnumerable\UsingEnumerable.csproj", "{1374AD5E-89C1-4D65-8904-8CFF056BF51D}"
EndProject
Project("{2150E333-8FDC-42A3-9474-1A3956D46DE8}") = "Chap11", "Chap11", "{A19F422B-DEC2-4AF7-9BD2-B27CD4EC1800}"
EndProject
Project("{FAE04EC0-301F-11D3-BF4B-00C04F79EFBC}") = "CopyingArray", "CopyingArray\CopyingArray.csproj", "{177A49BE-57DF-4A0B-8122-E969B7AC3F68}"
EndProject
Project("{FAE04EC0-301F-11D3-BF4B-00C04F79EFBC}") = "UsingGenericClass", "UsingGenericClass\UsingGenericClass.csproj", "{5C597206-533F-4D39-9477-AF7393111AB6}"
EndProject
Project("{FAE04EC0-301F-11D3-BF4B-00C04F79EFBC}") = "GenericParameters", "GenericParameters\GenericParameters.csproj", "{FB3315C4-51DB-47DC-8B1D-B42CA8F09647}"
EndProject
Project("{FAE04EC0-301F-11D3-BF4B-00C04F79EFBC}") = "UsingGenericList", "UsingGenericList\UsingGenericList.csproj", "{F26E0C97-9F42-4D10-99DE-99F4105EEFAE}"
EndProject
Project("{FAE04EC0-301F-11D3-BF4B-00C04F79EFBC}") = "UsingGenericEnumerable", "UsingGenericEnumerable\UsingGenericEnumerable.csproj", "{B1009C8F-D464-48C2-B7F5-9DBA7CF321CF}"
EndProject
Project("{2150E333-8FDC-42A3-9474-1A3956D46DE8}") = "Chap12", "Chap12", "{FE57138D-5CF6-4580-AFF3-20D45A933B65}"
EndProject
Project("{FAE04EC0-301F-11D3-BF4B-00C04F79EFBC}") = "KillingProgram", "KillingProgram\KillingProgram.csproj", "{5BF9F8CE-5981-4C54-86F1-B30279A3026F}"
EndProject
Project("{FAE04EC0-301F-11D3-BF4B-00C04F79EFBC}") = "UsingThrow", "UsingThrow\UsingThrow.csproj", "{E6C9318C-46D6-4385-8328-3FB9E1E7C9D3}"
EndProject
Project("{FAE04EC0-301F-11D3-BF4B-00C04F79EFBC}") = "Finally", "Finally\Finally.csproj", "{B17B4AC0-F2A9-48A5-962E-B8B31B5BD6DE}"
EndProject
Project("{FAE04EC0-301F-11D3-BF4B-00C04F79EFBC}") = "CustomException", "CustomException\CustomException.csproj", "{0A60BB46-440B-4C26-988E-B2D14BA8C60E}"
EndProject
Project("{FAE04EC0-301F-11D3-BF4B-00C04F79EFBC}") = "UsingDelegate", "UsingDelegate\UsingDelegate.csproj", "{0F213EF8-C420-444F-BE00-3063C1C7B084}"
EndProject
Project("{2150E333-8FDC-42A3-9474-1A3956D46DE8}") = "Chap13", "Chap13", "{DE45C1BF-ED74-4B50-9392-C367ACB0E1CB}"
EndProject
Project("{FAE04EC0-301F-11D3-BF4B-00C04F79EFBC}") = "UsingCallback", "UsingCallback\UsingCallback.csproj", "{8F7E675A-8B29-4A0D-86AC-3EA2686AAA4D}"
EndProject
Project("{FAE04EC0-301F-11D3-BF4B-00C04F79EFBC}") = "DelegateChain", "DelegateChain\DelegateChain.csproj", "{A0963917-8D97-467E-BCAC-64A87C5993E5}"
EndProject
Project("{FAE04EC0-301F-11D3-BF4B-00C04F79EFBC}") = "UsingAnonymousMethod", "UsingAnonymousMethod\UsingAnonymousMethod.csproj", "{2A3DC60B-4961-4802-A5F3-27812AD76707}"
EndProject
Project("{FAE04EC0-301F-11D3-BF4B-00C04F79EFBC}") = "UsingEvent", "UsingEvent\UsingEvent.csproj", "{6A69B88B-A1C9-4A44-8074-F4FA78E79E10}"
EndProject
Project("{FAE04EC0-301F-11D3-BF4B-00C04F79EFBC}") = "TestApp", "TestApp\TestApp.csproj", "{DBF1CE35-B1FD-4331-87F5-382B3ACCFBC2}"
EndProject
Project("{FAE04EC0-301F-11D3-BF4B-00C04F79EFBC}") = "WindowsFormsApp2", "WindowsFormsApp2\WindowsFormsApp2.csproj", "{BE4481FC-3563-4E07-9759-91F807581400}"
EndProject
Project("{2150E333-8FDC-42A3-9474-1A3956D46DE8}") = "Chap14", "Chap14", "{CDA5B69C-7D8C-4082-862C-C62FC69E9743}"
EndProject
Project("{FAE04EC0-301F-11D3-BF4B-00C04F79EFBC}") = "SimpleLambda", "SimpleLambda\SimpleLambda.csproj", "{03CF59F3-4930-4A93-AF43-C969BE7808EB}"
EndProject
Project("{FAE04EC0-301F-11D3-BF4B-00C04F79EFBC}") = "UsingFunc", "UsingFunc\UsingFunc.csproj", "{69508C8D-031B-4532-9438-EFB8707B197F}"
EndProject
Project("{FAE04EC0-301F-11D3-BF4B-00C04F79EFBC}") = "UsingExpressionTree", "UsingExpressionTree\UsingExpressionTree.csproj", "{9703F08E-2F7B-443E-8A97-33F37DA26818}"
EndProject
Project("{FAE04EC0-301F-11D3-BF4B-00C04F79EFBC}") = "LambdaExMember", "LambdaExMember\LambdaExMember.csproj", "{257F71CA-9E12-4966-95A0-1B678799A460}"
EndProject
Project("{FAE04EC0-301F-11D3-BF4B-00C04F79EFBC}") = "Ex14_2", "Ex14_2\Ex14_2.csproj", "{CA2D9A47-FB74-4D4C-91D3-61D26AA93E03}"
EndProject
Project("{2150E333-8FDC-42A3-9474-1A3956D46DE8}") = "Chap15", "Chap15", "{00E71514-466C-42BA-AE4D-811B0ADFC984}"
EndProject
Project("{FAE04EC0-301F-11D3-BF4B-00C04F79EFBC}") = "UsingFrom", "UsingFrom\UsingFrom.csproj", "{E569C2AB-E2EF-4C0A-A77A-FA6BA10DCDAE}"
EndProject
Project("{FAE04EC0-301F-11D3-BF4B-00C04F79EFBC}") = "UsingBasicThread", "BasicThread\UsingBasicThread.csproj", "{165839D7-E119-4413-B93D-9E95825A1A2B}"
EndProject
Project("{2150E333-8FDC-42A3-9474-1A3956D46DE8}") = "Chap19", "Chap19", "{2A515E6E-3012-41FB-9603-D8B6D5BC7A4D}"
EndProject
Project("{FAE04EC0-301F-11D3-BF4B-00C04F79EFBC}") = "WinThreadExam", "WinThreadExam\WinThreadExam.csproj", "{17BFC33E-45FD-4B6A-97AF-79E1E9A3B821}"
EndProject
Project("{FAE04EC0-301F-11D3-BF4B-00C04F79EFBC}") = "AbortThread", "AbortThread\AbortThread.csproj", "{6656F1DB-D7F5-4D33-9102-073B1908BBFE}"
EndProject
Project("{FAE04EC0-301F-11D3-BF4B-00C04F79EFBC}") = "InterruptThread", "InterruptThread\InterruptThread.csproj", "{970C9638-2751-4A50-A565-E06AACDB033C}"
EndProject
Project("{FAE04EC0-301F-11D3-BF4B-00C04F79EFBC}") = "UsingLock", "UsingLock\UsingLock.csproj", "{ABAF15EE-454D-42F7-A168-F95F5CD1EF2D}"
EndProject
Global
	GlobalSection(SolutionConfigurationPlatforms) = preSolution
		Debug|Any CPU = Debug|Any CPU
		Release|Any CPU = Release|Any CPU
	EndGlobalSection
	GlobalSection(ProjectConfigurationPlatforms) = postSolution
		{E594269A-3285-4584-AC88-29D0FB4B6EF3}.Debug|Any CPU.ActiveCfg = Debug|Any CPU
		{E594269A-3285-4584-AC88-29D0FB4B6EF3}.Debug|Any CPU.Build.0 = Debug|Any CPU
		{E594269A-3285-4584-AC88-29D0FB4B6EF3}.Release|Any CPU.ActiveCfg = Release|Any CPU
		{E594269A-3285-4584-AC88-29D0FB4B6EF3}.Release|Any CPU.Build.0 = Release|Any CPU
		{187557B4-54F6-4892-8536-AE60CA38C0C6}.Debug|Any CPU.ActiveCfg = Debug|Any CPU
		{187557B4-54F6-4892-8536-AE60CA38C0C6}.Debug|Any CPU.Build.0 = Debug|Any CPU
		{187557B4-54F6-4892-8536-AE60CA38C0C6}.Release|Any CPU.ActiveCfg = Release|Any CPU
		{187557B4-54F6-4892-8536-AE60CA38C0C6}.Release|Any CPU.Build.0 = Release|Any CPU
		{A8566626-1558-45DE-86AC-5DA71CD7D927}.Debug|Any CPU.ActiveCfg = Debug|Any CPU
		{A8566626-1558-45DE-86AC-5DA71CD7D927}.Debug|Any CPU.Build.0 = Debug|Any CPU
		{A8566626-1558-45DE-86AC-5DA71CD7D927}.Release|Any CPU.ActiveCfg = Release|Any CPU
		{A8566626-1558-45DE-86AC-5DA71CD7D927}.Release|Any CPU.Build.0 = Release|Any CPU
		{91A5A780-112B-4333-A33A-634BA7EDDC2C}.Debug|Any CPU.ActiveCfg = Debug|Any CPU
		{91A5A780-112B-4333-A33A-634BA7EDDC2C}.Debug|Any CPU.Build.0 = Debug|Any CPU
		{91A5A780-112B-4333-A33A-634BA7EDDC2C}.Release|Any CPU.ActiveCfg = Release|Any CPU
		{91A5A780-112B-4333-A33A-634BA7EDDC2C}.Release|Any CPU.Build.0 = Release|Any CPU
		{8EECB601-5D41-4F4E-8E6D-DCD7AA2D0B51}.Debug|Any CPU.ActiveCfg = Debug|Any CPU
		{8EECB601-5D41-4F4E-8E6D-DCD7AA2D0B51}.Debug|Any CPU.Build.0 = Debug|Any CPU
		{8EECB601-5D41-4F4E-8E6D-DCD7AA2D0B51}.Release|Any CPU.ActiveCfg = Release|Any CPU
		{8EECB601-5D41-4F4E-8E6D-DCD7AA2D0B51}.Release|Any CPU.Build.0 = Release|Any CPU
		{065FA21A-B53C-4A30-A985-55B1EDB757C4}.Debug|Any CPU.ActiveCfg = Debug|Any CPU
		{065FA21A-B53C-4A30-A985-55B1EDB757C4}.Debug|Any CPU.Build.0 = Debug|Any CPU
		{065FA21A-B53C-4A30-A985-55B1EDB757C4}.Release|Any CPU.ActiveCfg = Release|Any CPU
		{065FA21A-B53C-4A30-A985-55B1EDB757C4}.Release|Any CPU.Build.0 = Release|Any CPU
		{70B043F1-10E1-457D-9DA0-9E88AF34BB04}.Debug|Any CPU.ActiveCfg = Debug|Any CPU
		{70B043F1-10E1-457D-9DA0-9E88AF34BB04}.Debug|Any CPU.Build.0 = Debug|Any CPU
		{70B043F1-10E1-457D-9DA0-9E88AF34BB04}.Release|Any CPU.ActiveCfg = Release|Any CPU
		{70B043F1-10E1-457D-9DA0-9E88AF34BB04}.Release|Any CPU.Build.0 = Release|Any CPU
		{ECA303F5-A472-41C1-9A47-4CC26E4E3509}.Debug|Any CPU.ActiveCfg = Debug|Any CPU
		{ECA303F5-A472-41C1-9A47-4CC26E4E3509}.Debug|Any CPU.Build.0 = Debug|Any CPU
		{ECA303F5-A472-41C1-9A47-4CC26E4E3509}.Release|Any CPU.ActiveCfg = Release|Any CPU
		{ECA303F5-A472-41C1-9A47-4CC26E4E3509}.Release|Any CPU.Build.0 = Release|Any CPU
		{F5D865CF-CA2B-47DA-9607-E1D12BF4FD40}.Debug|Any CPU.ActiveCfg = Debug|Any CPU
		{F5D865CF-CA2B-47DA-9607-E1D12BF4FD40}.Debug|Any CPU.Build.0 = Debug|Any CPU
		{F5D865CF-CA2B-47DA-9607-E1D12BF4FD40}.Release|Any CPU.ActiveCfg = Release|Any CPU
		{F5D865CF-CA2B-47DA-9607-E1D12BF4FD40}.Release|Any CPU.Build.0 = Release|Any CPU
		{A47FC7AC-DFB4-452F-A842-847AAA7C422E}.Debug|Any CPU.ActiveCfg = Debug|Any CPU
		{A47FC7AC-DFB4-452F-A842-847AAA7C422E}.Debug|Any CPU.Build.0 = Debug|Any CPU
		{A47FC7AC-DFB4-452F-A842-847AAA7C422E}.Release|Any CPU.ActiveCfg = Release|Any CPU
		{A47FC7AC-DFB4-452F-A842-847AAA7C422E}.Release|Any CPU.Build.0 = Release|Any CPU
		{AC166766-B588-4D04-8B70-4F51C819B316}.Debug|Any CPU.ActiveCfg = Debug|Any CPU
		{AC166766-B588-4D04-8B70-4F51C819B316}.Debug|Any CPU.Build.0 = Debug|Any CPU
		{AC166766-B588-4D04-8B70-4F51C819B316}.Release|Any CPU.ActiveCfg = Release|Any CPU
		{AC166766-B588-4D04-8B70-4F51C819B316}.Release|Any CPU.Build.0 = Release|Any CPU
		{E309DDAC-A610-4863-B792-E5D4671E8294}.Debug|Any CPU.ActiveCfg = Debug|Any CPU
		{E309DDAC-A610-4863-B792-E5D4671E8294}.Debug|Any CPU.Build.0 = Debug|Any CPU
		{E309DDAC-A610-4863-B792-E5D4671E8294}.Release|Any CPU.ActiveCfg = Release|Any CPU
		{E309DDAC-A610-4863-B792-E5D4671E8294}.Release|Any CPU.Build.0 = Release|Any CPU
		{6511F65D-FBA3-456C-A250-968A2231F912}.Debug|Any CPU.ActiveCfg = Debug|Any CPU
		{6511F65D-FBA3-456C-A250-968A2231F912}.Debug|Any CPU.Build.0 = Debug|Any CPU
		{6511F65D-FBA3-456C-A250-968A2231F912}.Release|Any CPU.ActiveCfg = Release|Any CPU
		{6511F65D-FBA3-456C-A250-968A2231F912}.Release|Any CPU.Build.0 = Release|Any CPU
		{7CA8C139-1200-4CEE-BEFF-303237C26F1A}.Debug|Any CPU.ActiveCfg = Debug|Any CPU
		{7CA8C139-1200-4CEE-BEFF-303237C26F1A}.Debug|Any CPU.Build.0 = Debug|Any CPU
		{7CA8C139-1200-4CEE-BEFF-303237C26F1A}.Release|Any CPU.ActiveCfg = Release|Any CPU
		{7CA8C139-1200-4CEE-BEFF-303237C26F1A}.Release|Any CPU.Build.0 = Release|Any CPU
		{FA7437D6-3270-41CD-8FAA-478BFE38A7E5}.Debug|Any CPU.ActiveCfg = Debug|Any CPU
		{FA7437D6-3270-41CD-8FAA-478BFE38A7E5}.Debug|Any CPU.Build.0 = Debug|Any CPU
		{FA7437D6-3270-41CD-8FAA-478BFE38A7E5}.Release|Any CPU.ActiveCfg = Release|Any CPU
		{FA7437D6-3270-41CD-8FAA-478BFE38A7E5}.Release|Any CPU.Build.0 = Release|Any CPU
		{BC9DA2BD-EF92-4B9E-89A9-D8C83821F82F}.Debug|Any CPU.ActiveCfg = Debug|Any CPU
		{BC9DA2BD-EF92-4B9E-89A9-D8C83821F82F}.Debug|Any CPU.Build.0 = Debug|Any CPU
		{BC9DA2BD-EF92-4B9E-89A9-D8C83821F82F}.Release|Any CPU.ActiveCfg = Release|Any CPU
		{BC9DA2BD-EF92-4B9E-89A9-D8C83821F82F}.Release|Any CPU.Build.0 = Release|Any CPU
		{A40FC96E-3CEA-4358-B9E3-A3A23577DB2F}.Debug|Any CPU.ActiveCfg = Debug|Any CPU
		{A40FC96E-3CEA-4358-B9E3-A3A23577DB2F}.Debug|Any CPU.Build.0 = Debug|Any CPU
		{A40FC96E-3CEA-4358-B9E3-A3A23577DB2F}.Release|Any CPU.ActiveCfg = Release|Any CPU
		{A40FC96E-3CEA-4358-B9E3-A3A23577DB2F}.Release|Any CPU.Build.0 = Release|Any CPU
		{0C5388A7-CE31-46BD-928B-D76046343F14}.Debug|Any CPU.ActiveCfg = Debug|Any CPU
		{0C5388A7-CE31-46BD-928B-D76046343F14}.Debug|Any CPU.Build.0 = Debug|Any CPU
		{0C5388A7-CE31-46BD-928B-D76046343F14}.Release|Any CPU.ActiveCfg = Release|Any CPU
		{0C5388A7-CE31-46BD-928B-D76046343F14}.Release|Any CPU.Build.0 = Release|Any CPU
		{61B5CFFC-3235-4CA5-88D9-0843A0A337DC}.Debug|Any CPU.ActiveCfg = Debug|Any CPU
		{61B5CFFC-3235-4CA5-88D9-0843A0A337DC}.Debug|Any CPU.Build.0 = Debug|Any CPU
		{61B5CFFC-3235-4CA5-88D9-0843A0A337DC}.Release|Any CPU.ActiveCfg = Release|Any CPU
		{61B5CFFC-3235-4CA5-88D9-0843A0A337DC}.Release|Any CPU.Build.0 = Release|Any CPU
		{5A2E2B74-A6C1-4D67-9466-BDC8113833DA}.Debug|Any CPU.ActiveCfg = Debug|Any CPU
		{5A2E2B74-A6C1-4D67-9466-BDC8113833DA}.Debug|Any CPU.Build.0 = Debug|Any CPU
		{5A2E2B74-A6C1-4D67-9466-BDC8113833DA}.Release|Any CPU.ActiveCfg = Release|Any CPU
		{5A2E2B74-A6C1-4D67-9466-BDC8113833DA}.Release|Any CPU.Build.0 = Release|Any CPU
		{5232C4F7-2FCA-4B7C-BFF0-C41AFD11FCDB}.Debug|Any CPU.ActiveCfg = Debug|Any CPU
		{5232C4F7-2FCA-4B7C-BFF0-C41AFD11FCDB}.Debug|Any CPU.Build.0 = Debug|Any CPU
		{5232C4F7-2FCA-4B7C-BFF0-C41AFD11FCDB}.Release|Any CPU.ActiveCfg = Release|Any CPU
		{5232C4F7-2FCA-4B7C-BFF0-C41AFD11FCDB}.Release|Any CPU.Build.0 = Release|Any CPU
		{9A604D9D-B858-48EB-B21A-90568092438F}.Debug|Any CPU.ActiveCfg = Debug|Any CPU
		{9A604D9D-B858-48EB-B21A-90568092438F}.Debug|Any CPU.Build.0 = Debug|Any CPU
		{9A604D9D-B858-48EB-B21A-90568092438F}.Release|Any CPU.ActiveCfg = Release|Any CPU
		{9A604D9D-B858-48EB-B21A-90568092438F}.Release|Any CPU.Build.0 = Release|Any CPU
		{3BF21A0D-671B-4C13-A432-54EEC00A2BF0}.Debug|Any CPU.ActiveCfg = Debug|Any CPU
		{3BF21A0D-671B-4C13-A432-54EEC00A2BF0}.Debug|Any CPU.Build.0 = Debug|Any CPU
		{3BF21A0D-671B-4C13-A432-54EEC00A2BF0}.Release|Any CPU.ActiveCfg = Release|Any CPU
		{3BF21A0D-671B-4C13-A432-54EEC00A2BF0}.Release|Any CPU.Build.0 = Release|Any CPU
		{0C4B791F-78F7-4606-8AD4-3533CA4AA1E5}.Debug|Any CPU.ActiveCfg = Debug|Any CPU
		{0C4B791F-78F7-4606-8AD4-3533CA4AA1E5}.Debug|Any CPU.Build.0 = Debug|Any CPU
		{0C4B791F-78F7-4606-8AD4-3533CA4AA1E5}.Release|Any CPU.ActiveCfg = Release|Any CPU
		{0C4B791F-78F7-4606-8AD4-3533CA4AA1E5}.Release|Any CPU.Build.0 = Release|Any CPU
		{DE3E68EB-A086-4188-A5A4-EBAA7D1D8E38}.Debug|Any CPU.ActiveCfg = Debug|Any CPU
		{DE3E68EB-A086-4188-A5A4-EBAA7D1D8E38}.Debug|Any CPU.Build.0 = Debug|Any CPU
		{DE3E68EB-A086-4188-A5A4-EBAA7D1D8E38}.Release|Any CPU.ActiveCfg = Release|Any CPU
		{DE3E68EB-A086-4188-A5A4-EBAA7D1D8E38}.Release|Any CPU.Build.0 = Release|Any CPU
		{B7DC539A-DB0A-43C9-8C60-504381E9600F}.Debug|Any CPU.ActiveCfg = Debug|Any CPU
		{B7DC539A-DB0A-43C9-8C60-504381E9600F}.Debug|Any CPU.Build.0 = Debug|Any CPU
		{B7DC539A-DB0A-43C9-8C60-504381E9600F}.Release|Any CPU.ActiveCfg = Release|Any CPU
		{B7DC539A-DB0A-43C9-8C60-504381E9600F}.Release|Any CPU.Build.0 = Release|Any CPU
		{7F8A523D-0B98-4871-9A10-75EB102FD96F}.Debug|Any CPU.ActiveCfg = Debug|Any CPU
		{7F8A523D-0B98-4871-9A10-75EB102FD96F}.Debug|Any CPU.Build.0 = Debug|Any CPU
		{7F8A523D-0B98-4871-9A10-75EB102FD96F}.Release|Any CPU.ActiveCfg = Release|Any CPU
		{7F8A523D-0B98-4871-9A10-75EB102FD96F}.Release|Any CPU.Build.0 = Release|Any CPU
		{C1BAD835-4BD4-47EF-9F91-943E7E41F358}.Debug|Any CPU.ActiveCfg = Debug|Any CPU
		{C1BAD835-4BD4-47EF-9F91-943E7E41F358}.Debug|Any CPU.Build.0 = Debug|Any CPU
		{C1BAD835-4BD4-47EF-9F91-943E7E41F358}.Release|Any CPU.ActiveCfg = Release|Any CPU
		{C1BAD835-4BD4-47EF-9F91-943E7E41F358}.Release|Any CPU.Build.0 = Release|Any CPU
		{D05157F4-2774-4F90-9128-EF8BF6E2DC09}.Debug|Any CPU.ActiveCfg = Debug|Any CPU
		{D05157F4-2774-4F90-9128-EF8BF6E2DC09}.Debug|Any CPU.Build.0 = Debug|Any CPU
		{D05157F4-2774-4F90-9128-EF8BF6E2DC09}.Release|Any CPU.ActiveCfg = Release|Any CPU
		{D05157F4-2774-4F90-9128-EF8BF6E2DC09}.Release|Any CPU.Build.0 = Release|Any CPU
		{C41D7234-6464-4E66-B989-D701628665FD}.Debug|Any CPU.ActiveCfg = Debug|Any CPU
		{C41D7234-6464-4E66-B989-D701628665FD}.Debug|Any CPU.Build.0 = Debug|Any CPU
		{C41D7234-6464-4E66-B989-D701628665FD}.Release|Any CPU.ActiveCfg = Release|Any CPU
		{C41D7234-6464-4E66-B989-D701628665FD}.Release|Any CPU.Build.0 = Release|Any CPU
		{CC8E6E48-402E-4257-BF4E-DB9AAC8282A0}.Debug|Any CPU.ActiveCfg = Debug|Any CPU
		{CC8E6E48-402E-4257-BF4E-DB9AAC8282A0}.Debug|Any CPU.Build.0 = Debug|Any CPU
		{CC8E6E48-402E-4257-BF4E-DB9AAC8282A0}.Release|Any CPU.ActiveCfg = Release|Any CPU
		{CC8E6E48-402E-4257-BF4E-DB9AAC8282A0}.Release|Any CPU.Build.0 = Release|Any CPU
		{A564ED24-947A-46B3-8F4C-F620F274C388}.Debug|Any CPU.ActiveCfg = Debug|Any CPU
		{A564ED24-947A-46B3-8F4C-F620F274C388}.Debug|Any CPU.Build.0 = Debug|Any CPU
		{A564ED24-947A-46B3-8F4C-F620F274C388}.Release|Any CPU.ActiveCfg = Release|Any CPU
		{A564ED24-947A-46B3-8F4C-F620F274C388}.Release|Any CPU.Build.0 = Release|Any CPU
		{6E560EF4-009B-41EA-947D-D966AD5CD922}.Debug|Any CPU.ActiveCfg = Debug|Any CPU
		{6E560EF4-009B-41EA-947D-D966AD5CD922}.Debug|Any CPU.Build.0 = Debug|Any CPU
		{6E560EF4-009B-41EA-947D-D966AD5CD922}.Release|Any CPU.ActiveCfg = Release|Any CPU
		{6E560EF4-009B-41EA-947D-D966AD5CD922}.Release|Any CPU.Build.0 = Release|Any CPU
		{A33D539B-1C75-462F-AE93-64E81309F4FB}.Debug|Any CPU.ActiveCfg = Debug|Any CPU
		{A33D539B-1C75-462F-AE93-64E81309F4FB}.Debug|Any CPU.Build.0 = Debug|Any CPU
		{A33D539B-1C75-462F-AE93-64E81309F4FB}.Release|Any CPU.ActiveCfg = Release|Any CPU
		{A33D539B-1C75-462F-AE93-64E81309F4FB}.Release|Any CPU.Build.0 = Release|Any CPU
		{6C725CEC-3058-4433-A994-7C2FB4F4D680}.Debug|Any CPU.ActiveCfg = Debug|Any CPU
		{6C725CEC-3058-4433-A994-7C2FB4F4D680}.Debug|Any CPU.Build.0 = Debug|Any CPU
		{6C725CEC-3058-4433-A994-7C2FB4F4D680}.Release|Any CPU.ActiveCfg = Release|Any CPU
		{6C725CEC-3058-4433-A994-7C2FB4F4D680}.Release|Any CPU.Build.0 = Release|Any CPU
		{ADC31317-8268-41F4-8F28-06F74A122967}.Debug|Any CPU.ActiveCfg = Debug|Any CPU
		{ADC31317-8268-41F4-8F28-06F74A122967}.Debug|Any CPU.Build.0 = Debug|Any CPU
		{ADC31317-8268-41F4-8F28-06F74A122967}.Release|Any CPU.ActiveCfg = Release|Any CPU
		{ADC31317-8268-41F4-8F28-06F74A122967}.Release|Any CPU.Build.0 = Release|Any CPU
		{A941EF31-0004-465E-8060-A700D33EC071}.Debug|Any CPU.ActiveCfg = Debug|Any CPU
		{A941EF31-0004-465E-8060-A700D33EC071}.Debug|Any CPU.Build.0 = Debug|Any CPU
		{A941EF31-0004-465E-8060-A700D33EC071}.Release|Any CPU.ActiveCfg = Release|Any CPU
		{A941EF31-0004-465E-8060-A700D33EC071}.Release|Any CPU.Build.0 = Release|Any CPU
		{DE16EE2D-CC32-4921-ABC3-725B7D210302}.Debug|Any CPU.ActiveCfg = Debug|Any CPU
		{DE16EE2D-CC32-4921-ABC3-725B7D210302}.Debug|Any CPU.Build.0 = Debug|Any CPU
		{DE16EE2D-CC32-4921-ABC3-725B7D210302}.Release|Any CPU.ActiveCfg = Release|Any CPU
		{DE16EE2D-CC32-4921-ABC3-725B7D210302}.Release|Any CPU.Build.0 = Release|Any CPU
		{683C132B-B8EB-4E7F-B4B2-3887344BF4D3}.Debug|Any CPU.ActiveCfg = Debug|Any CPU
		{683C132B-B8EB-4E7F-B4B2-3887344BF4D3}.Debug|Any CPU.Build.0 = Debug|Any CPU
		{683C132B-B8EB-4E7F-B4B2-3887344BF4D3}.Release|Any CPU.ActiveCfg = Release|Any CPU
		{683C132B-B8EB-4E7F-B4B2-3887344BF4D3}.Release|Any CPU.Build.0 = Release|Any CPU
		{67DDE1E0-558D-400F-AC4A-640578EB1886}.Debug|Any CPU.ActiveCfg = Debug|Any CPU
		{67DDE1E0-558D-400F-AC4A-640578EB1886}.Debug|Any CPU.Build.0 = Debug|Any CPU
		{67DDE1E0-558D-400F-AC4A-640578EB1886}.Release|Any CPU.ActiveCfg = Release|Any CPU
		{67DDE1E0-558D-400F-AC4A-640578EB1886}.Release|Any CPU.Build.0 = Release|Any CPU
		{1374AD5E-89C1-4D65-8904-8CFF056BF51D}.Debug|Any CPU.ActiveCfg = Debug|Any CPU
		{1374AD5E-89C1-4D65-8904-8CFF056BF51D}.Debug|Any CPU.Build.0 = Debug|Any CPU
		{1374AD5E-89C1-4D65-8904-8CFF056BF51D}.Release|Any CPU.ActiveCfg = Release|Any CPU
		{1374AD5E-89C1-4D65-8904-8CFF056BF51D}.Release|Any CPU.Build.0 = Release|Any CPU
		{177A49BE-57DF-4A0B-8122-E969B7AC3F68}.Debug|Any CPU.ActiveCfg = Debug|Any CPU
		{177A49BE-57DF-4A0B-8122-E969B7AC3F68}.Debug|Any CPU.Build.0 = Debug|Any CPU
		{177A49BE-57DF-4A0B-8122-E969B7AC3F68}.Release|Any CPU.ActiveCfg = Release|Any CPU
		{177A49BE-57DF-4A0B-8122-E969B7AC3F68}.Release|Any CPU.Build.0 = Release|Any CPU
		{5C597206-533F-4D39-9477-AF7393111AB6}.Debug|Any CPU.ActiveCfg = Debug|Any CPU
		{5C597206-533F-4D39-9477-AF7393111AB6}.Debug|Any CPU.Build.0 = Debug|Any CPU
		{5C597206-533F-4D39-9477-AF7393111AB6}.Release|Any CPU.ActiveCfg = Release|Any CPU
		{5C597206-533F-4D39-9477-AF7393111AB6}.Release|Any CPU.Build.0 = Release|Any CPU
		{FB3315C4-51DB-47DC-8B1D-B42CA8F09647}.Debug|Any CPU.ActiveCfg = Debug|Any CPU
		{FB3315C4-51DB-47DC-8B1D-B42CA8F09647}.Debug|Any CPU.Build.0 = Debug|Any CPU
		{FB3315C4-51DB-47DC-8B1D-B42CA8F09647}.Release|Any CPU.ActiveCfg = Release|Any CPU
		{FB3315C4-51DB-47DC-8B1D-B42CA8F09647}.Release|Any CPU.Build.0 = Release|Any CPU
		{F26E0C97-9F42-4D10-99DE-99F4105EEFAE}.Debug|Any CPU.ActiveCfg = Debug|Any CPU
		{F26E0C97-9F42-4D10-99DE-99F4105EEFAE}.Debug|Any CPU.Build.0 = Debug|Any CPU
		{F26E0C97-9F42-4D10-99DE-99F4105EEFAE}.Release|Any CPU.ActiveCfg = Release|Any CPU
		{F26E0C97-9F42-4D10-99DE-99F4105EEFAE}.Release|Any CPU.Build.0 = Release|Any CPU
		{B1009C8F-D464-48C2-B7F5-9DBA7CF321CF}.Debug|Any CPU.ActiveCfg = Debug|Any CPU
		{B1009C8F-D464-48C2-B7F5-9DBA7CF321CF}.Debug|Any CPU.Build.0 = Debug|Any CPU
		{B1009C8F-D464-48C2-B7F5-9DBA7CF321CF}.Release|Any CPU.ActiveCfg = Release|Any CPU
		{B1009C8F-D464-48C2-B7F5-9DBA7CF321CF}.Release|Any CPU.Build.0 = Release|Any CPU
		{5BF9F8CE-5981-4C54-86F1-B30279A3026F}.Debug|Any CPU.ActiveCfg = Debug|Any CPU
		{5BF9F8CE-5981-4C54-86F1-B30279A3026F}.Debug|Any CPU.Build.0 = Debug|Any CPU
		{5BF9F8CE-5981-4C54-86F1-B30279A3026F}.Release|Any CPU.ActiveCfg = Release|Any CPU
		{5BF9F8CE-5981-4C54-86F1-B30279A3026F}.Release|Any CPU.Build.0 = Release|Any CPU
		{E6C9318C-46D6-4385-8328-3FB9E1E7C9D3}.Debug|Any CPU.ActiveCfg = Debug|Any CPU
		{E6C9318C-46D6-4385-8328-3FB9E1E7C9D3}.Debug|Any CPU.Build.0 = Debug|Any CPU
		{E6C9318C-46D6-4385-8328-3FB9E1E7C9D3}.Release|Any CPU.ActiveCfg = Release|Any CPU
		{E6C9318C-46D6-4385-8328-3FB9E1E7C9D3}.Release|Any CPU.Build.0 = Release|Any CPU
		{B17B4AC0-F2A9-48A5-962E-B8B31B5BD6DE}.Debug|Any CPU.ActiveCfg = Debug|Any CPU
		{B17B4AC0-F2A9-48A5-962E-B8B31B5BD6DE}.Debug|Any CPU.Build.0 = Debug|Any CPU
		{B17B4AC0-F2A9-48A5-962E-B8B31B5BD6DE}.Release|Any CPU.ActiveCfg = Release|Any CPU
		{B17B4AC0-F2A9-48A5-962E-B8B31B5BD6DE}.Release|Any CPU.Build.0 = Release|Any CPU
		{0A60BB46-440B-4C26-988E-B2D14BA8C60E}.Debug|Any CPU.ActiveCfg = Debug|Any CPU
		{0A60BB46-440B-4C26-988E-B2D14BA8C60E}.Debug|Any CPU.Build.0 = Debug|Any CPU
		{0A60BB46-440B-4C26-988E-B2D14BA8C60E}.Release|Any CPU.ActiveCfg = Release|Any CPU
		{0A60BB46-440B-4C26-988E-B2D14BA8C60E}.Release|Any CPU.Build.0 = Release|Any CPU
		{0F213EF8-C420-444F-BE00-3063C1C7B084}.Debug|Any CPU.ActiveCfg = Debug|Any CPU
		{0F213EF8-C420-444F-BE00-3063C1C7B084}.Debug|Any CPU.Build.0 = Debug|Any CPU
		{0F213EF8-C420-444F-BE00-3063C1C7B084}.Release|Any CPU.ActiveCfg = Release|Any CPU
		{0F213EF8-C420-444F-BE00-3063C1C7B084}.Release|Any CPU.Build.0 = Release|Any CPU
		{8F7E675A-8B29-4A0D-86AC-3EA2686AAA4D}.Debug|Any CPU.ActiveCfg = Debug|Any CPU
		{8F7E675A-8B29-4A0D-86AC-3EA2686AAA4D}.Debug|Any CPU.Build.0 = Debug|Any CPU
		{8F7E675A-8B29-4A0D-86AC-3EA2686AAA4D}.Release|Any CPU.ActiveCfg = Release|Any CPU
		{8F7E675A-8B29-4A0D-86AC-3EA2686AAA4D}.Release|Any CPU.Build.0 = Release|Any CPU
		{A0963917-8D97-467E-BCAC-64A87C5993E5}.Debug|Any CPU.ActiveCfg = Debug|Any CPU
		{A0963917-8D97-467E-BCAC-64A87C5993E5}.Debug|Any CPU.Build.0 = Debug|Any CPU
		{A0963917-8D97-467E-BCAC-64A87C5993E5}.Release|Any CPU.ActiveCfg = Release|Any CPU
		{A0963917-8D97-467E-BCAC-64A87C5993E5}.Release|Any CPU.Build.0 = Release|Any CPU
		{2A3DC60B-4961-4802-A5F3-27812AD76707}.Debug|Any CPU.ActiveCfg = Debug|Any CPU
		{2A3DC60B-4961-4802-A5F3-27812AD76707}.Debug|Any CPU.Build.0 = Debug|Any CPU
		{2A3DC60B-4961-4802-A5F3-27812AD76707}.Release|Any CPU.ActiveCfg = Release|Any CPU
		{2A3DC60B-4961-4802-A5F3-27812AD76707}.Release|Any CPU.Build.0 = Release|Any CPU
		{6A69B88B-A1C9-4A44-8074-F4FA78E79E10}.Debug|Any CPU.ActiveCfg = Debug|Any CPU
		{6A69B88B-A1C9-4A44-8074-F4FA78E79E10}.Debug|Any CPU.Build.0 = Debug|Any CPU
		{6A69B88B-A1C9-4A44-8074-F4FA78E79E10}.Release|Any CPU.ActiveCfg = Release|Any CPU
		{6A69B88B-A1C9-4A44-8074-F4FA78E79E10}.Release|Any CPU.Build.0 = Release|Any CPU
		{DBF1CE35-B1FD-4331-87F5-382B3ACCFBC2}.Debug|Any CPU.ActiveCfg = Debug|Any CPU
		{DBF1CE35-B1FD-4331-87F5-382B3ACCFBC2}.Debug|Any CPU.Build.0 = Debug|Any CPU
		{DBF1CE35-B1FD-4331-87F5-382B3ACCFBC2}.Release|Any CPU.ActiveCfg = Release|Any CPU
		{DBF1CE35-B1FD-4331-87F5-382B3ACCFBC2}.Release|Any CPU.Build.0 = Release|Any CPU
		{BE4481FC-3563-4E07-9759-91F807581400}.Debug|Any CPU.ActiveCfg = Debug|Any CPU
		{BE4481FC-3563-4E07-9759-91F807581400}.Debug|Any CPU.Build.0 = Debug|Any CPU
		{BE4481FC-3563-4E07-9759-91F807581400}.Release|Any CPU.ActiveCfg = Release|Any CPU
		{BE4481FC-3563-4E07-9759-91F807581400}.Release|Any CPU.Build.0 = Release|Any CPU
		{03CF59F3-4930-4A93-AF43-C969BE7808EB}.Debug|Any CPU.ActiveCfg = Debug|Any CPU
		{03CF59F3-4930-4A93-AF43-C969BE7808EB}.Debug|Any CPU.Build.0 = Debug|Any CPU
		{03CF59F3-4930-4A93-AF43-C969BE7808EB}.Release|Any CPU.ActiveCfg = Release|Any CPU
		{03CF59F3-4930-4A93-AF43-C969BE7808EB}.Release|Any CPU.Build.0 = Release|Any CPU
		{69508C8D-031B-4532-9438-EFB8707B197F}.Debug|Any CPU.ActiveCfg = Debug|Any CPU
		{69508C8D-031B-4532-9438-EFB8707B197F}.Debug|Any CPU.Build.0 = Debug|Any CPU
		{69508C8D-031B-4532-9438-EFB8707B197F}.Release|Any CPU.ActiveCfg = Release|Any CPU
		{69508C8D-031B-4532-9438-EFB8707B197F}.Release|Any CPU.Build.0 = Release|Any CPU
		{9703F08E-2F7B-443E-8A97-33F37DA26818}.Debug|Any CPU.ActiveCfg = Debug|Any CPU
		{9703F08E-2F7B-443E-8A97-33F37DA26818}.Debug|Any CPU.Build.0 = Debug|Any CPU
		{9703F08E-2F7B-443E-8A97-33F37DA26818}.Release|Any CPU.ActiveCfg = Release|Any CPU
		{9703F08E-2F7B-443E-8A97-33F37DA26818}.Release|Any CPU.Build.0 = Release|Any CPU
		{257F71CA-9E12-4966-95A0-1B678799A460}.Debug|Any CPU.ActiveCfg = Debug|Any CPU
		{257F71CA-9E12-4966-95A0-1B678799A460}.Debug|Any CPU.Build.0 = Debug|Any CPU
		{257F71CA-9E12-4966-95A0-1B678799A460}.Release|Any CPU.ActiveCfg = Release|Any CPU
		{257F71CA-9E12-4966-95A0-1B678799A460}.Release|Any CPU.Build.0 = Release|Any CPU
		{CA2D9A47-FB74-4D4C-91D3-61D26AA93E03}.Debug|Any CPU.ActiveCfg = Debug|Any CPU
		{CA2D9A47-FB74-4D4C-91D3-61D26AA93E03}.Debug|Any CPU.Build.0 = Debug|Any CPU
		{CA2D9A47-FB74-4D4C-91D3-61D26AA93E03}.Release|Any CPU.ActiveCfg = Release|Any CPU
		{CA2D9A47-FB74-4D4C-91D3-61D26AA93E03}.Release|Any CPU.Build.0 = Release|Any CPU
		{E569C2AB-E2EF-4C0A-A77A-FA6BA10DCDAE}.Debug|Any CPU.ActiveCfg = Debug|Any CPU
		{E569C2AB-E2EF-4C0A-A77A-FA6BA10DCDAE}.Debug|Any CPU.Build.0 = Debug|Any CPU
		{E569C2AB-E2EF-4C0A-A77A-FA6BA10DCDAE}.Release|Any CPU.ActiveCfg = Release|Any CPU
		{E569C2AB-E2EF-4C0A-A77A-FA6BA10DCDAE}.Release|Any CPU.Build.0 = Release|Any CPU
		{165839D7-E119-4413-B93D-9E95825A1A2B}.Debug|Any CPU.ActiveCfg = Debug|Any CPU
		{165839D7-E119-4413-B93D-9E95825A1A2B}.Debug|Any CPU.Build.0 = Debug|Any CPU
		{165839D7-E119-4413-B93D-9E95825A1A2B}.Release|Any CPU.ActiveCfg = Release|Any CPU
		{165839D7-E119-4413-B93D-9E95825A1A2B}.Release|Any CPU.Build.0 = Release|Any CPU
		{17BFC33E-45FD-4B6A-97AF-79E1E9A3B821}.Debug|Any CPU.ActiveCfg = Debug|Any CPU
		{17BFC33E-45FD-4B6A-97AF-79E1E9A3B821}.Debug|Any CPU.Build.0 = Debug|Any CPU
		{17BFC33E-45FD-4B6A-97AF-79E1E9A3B821}.Release|Any CPU.ActiveCfg = Release|Any CPU
		{17BFC33E-45FD-4B6A-97AF-79E1E9A3B821}.Release|Any CPU.Build.0 = Release|Any CPU
		{6656F1DB-D7F5-4D33-9102-073B1908BBFE}.Debug|Any CPU.ActiveCfg = Debug|Any CPU
		{6656F1DB-D7F5-4D33-9102-073B1908BBFE}.Debug|Any CPU.Build.0 = Debug|Any CPU
		{6656F1DB-D7F5-4D33-9102-073B1908BBFE}.Release|Any CPU.ActiveCfg = Release|Any CPU
		{6656F1DB-D7F5-4D33-9102-073B1908BBFE}.Release|Any CPU.Build.0 = Release|Any CPU
		{970C9638-2751-4A50-A565-E06AACDB033C}.Debug|Any CPU.ActiveCfg = Debug|Any CPU
		{970C9638-2751-4A50-A565-E06AACDB033C}.Debug|Any CPU.Build.0 = Debug|Any CPU
		{970C9638-2751-4A50-A565-E06AACDB033C}.Release|Any CPU.ActiveCfg = Release|Any CPU
		{970C9638-2751-4A50-A565-E06AACDB033C}.Release|Any CPU.Build.0 = Release|Any CPU
		{ABAF15EE-454D-42F7-A168-F95F5CD1EF2D}.Debug|Any CPU.ActiveCfg = Debug|Any CPU
		{ABAF15EE-454D-42F7-A168-F95F5CD1EF2D}.Debug|Any CPU.Build.0 = Debug|Any CPU
		{ABAF15EE-454D-42F7-A168-F95F5CD1EF2D}.Release|Any CPU.ActiveCfg = Release|Any CPU
		{ABAF15EE-454D-42F7-A168-F95F5CD1EF2D}.Release|Any CPU.Build.0 = Release|Any CPU
	EndGlobalSection
	GlobalSection(SolutionProperties) = preSolution
		HideSolutionNode = FALSE
	EndGlobalSection
	GlobalSection(NestedProjects) = preSolution
		{E594269A-3285-4584-AC88-29D0FB4B6EF3} = {128B5D78-C29A-498D-B75A-52EEF8DFE0DC}
		{187557B4-54F6-4892-8536-AE60CA38C0C6} = {B52D008B-543E-4041-9979-55835F16C90B}
		{A8566626-1558-45DE-86AC-5DA71CD7D927} = {B52D008B-543E-4041-9979-55835F16C90B}
		{91A5A780-112B-4333-A33A-634BA7EDDC2C} = {B52D008B-543E-4041-9979-55835F16C90B}
		{8EECB601-5D41-4F4E-8E6D-DCD7AA2D0B51} = {B52D008B-543E-4041-9979-55835F16C90B}
		{065FA21A-B53C-4A30-A985-55B1EDB757C4} = {B52D008B-543E-4041-9979-55835F16C90B}
		{70B043F1-10E1-457D-9DA0-9E88AF34BB04} = {B52D008B-543E-4041-9979-55835F16C90B}
		{ECA303F5-A472-41C1-9A47-4CC26E4E3509} = {76DA10F2-B7F8-44F7-BA4D-AFBA1F3A6FAD}
		{F5D865CF-CA2B-47DA-9607-E1D12BF4FD40} = {B82D2FBF-22B7-40DA-9883-A2356140E44D}
		{A47FC7AC-DFB4-452F-A842-847AAA7C422E} = {B82D2FBF-22B7-40DA-9883-A2356140E44D}
		{AC166766-B588-4D04-8B70-4F51C819B316} = {B82D2FBF-22B7-40DA-9883-A2356140E44D}
		{E309DDAC-A610-4863-B792-E5D4671E8294} = {15412E83-6D4E-47F9-BCE5-DC916F7A69AF}
		{6511F65D-FBA3-456C-A250-968A2231F912} = {15412E83-6D4E-47F9-BCE5-DC916F7A69AF}
		{7CA8C139-1200-4CEE-BEFF-303237C26F1A} = {15412E83-6D4E-47F9-BCE5-DC916F7A69AF}
		{FA7437D6-3270-41CD-8FAA-478BFE38A7E5} = {15412E83-6D4E-47F9-BCE5-DC916F7A69AF}
		{BC9DA2BD-EF92-4B9E-89A9-D8C83821F82F} = {15412E83-6D4E-47F9-BCE5-DC916F7A69AF}
		{A40FC96E-3CEA-4358-B9E3-A3A23577DB2F} = {15412E83-6D4E-47F9-BCE5-DC916F7A69AF}
		{0C5388A7-CE31-46BD-928B-D76046343F14} = {15412E83-6D4E-47F9-BCE5-DC916F7A69AF}
		{61B5CFFC-3235-4CA5-88D9-0843A0A337DC} = {15412E83-6D4E-47F9-BCE5-DC916F7A69AF}
		{5A2E2B74-A6C1-4D67-9466-BDC8113833DA} = {EFCE9E2F-F2C7-463F-8A1E-35F407C4370B}
		{5232C4F7-2FCA-4B7C-BFF0-C41AFD11FCDB} = {EFCE9E2F-F2C7-463F-8A1E-35F407C4370B}
		{9A604D9D-B858-48EB-B21A-90568092438F} = {EFCE9E2F-F2C7-463F-8A1E-35F407C4370B}
		{3BF21A0D-671B-4C13-A432-54EEC00A2BF0} = {EFCE9E2F-F2C7-463F-8A1E-35F407C4370B}
		{0C4B791F-78F7-4606-8AD4-3533CA4AA1E5} = {EFCE9E2F-F2C7-463F-8A1E-35F407C4370B}
		{DE3E68EB-A086-4188-A5A4-EBAA7D1D8E38} = {EFCE9E2F-F2C7-463F-8A1E-35F407C4370B}
		{B7DC539A-DB0A-43C9-8C60-504381E9600F} = {EFCE9E2F-F2C7-463F-8A1E-35F407C4370B}
		{7F8A523D-0B98-4871-9A10-75EB102FD96F} = {EFCE9E2F-F2C7-463F-8A1E-35F407C4370B}
		{C1BAD835-4BD4-47EF-9F91-943E7E41F358} = {EFCE9E2F-F2C7-463F-8A1E-35F407C4370B}
		{D05157F4-2774-4F90-9128-EF8BF6E2DC09} = {EFCE9E2F-F2C7-463F-8A1E-35F407C4370B}
		{C41D7234-6464-4E66-B989-D701628665FD} = {EFCE9E2F-F2C7-463F-8A1E-35F407C4370B}
		{CC8E6E48-402E-4257-BF4E-DB9AAC8282A0} = {EFCE9E2F-F2C7-463F-8A1E-35F407C4370B}
		{A564ED24-947A-46B3-8F4C-F620F274C388} = {869BFD71-C951-454D-9D49-6E6E42FB8AA1}
		{6E560EF4-009B-41EA-947D-D966AD5CD922} = {869BFD71-C951-454D-9D49-6E6E42FB8AA1}
		{A33D539B-1C75-462F-AE93-64E81309F4FB} = {869BFD71-C951-454D-9D49-6E6E42FB8AA1}
		{6C725CEC-3058-4433-A994-7C2FB4F4D680} = {FDF87562-0428-4CE9-9124-F23CED1E6558}
		{ADC31317-8268-41F4-8F28-06F74A122967} = {FDF87562-0428-4CE9-9124-F23CED1E6558}
		{A941EF31-0004-465E-8060-A700D33EC071} = {1DA7D391-B73B-40F9-AB61-20C3A314CA82}
		{DE16EE2D-CC32-4921-ABC3-725B7D210302} = {1DA7D391-B73B-40F9-AB61-20C3A314CA82}
		{683C132B-B8EB-4E7F-B4B2-3887344BF4D3} = {1DA7D391-B73B-40F9-AB61-20C3A314CA82}
		{67DDE1E0-558D-400F-AC4A-640578EB1886} = {1DA7D391-B73B-40F9-AB61-20C3A314CA82}
		{1374AD5E-89C1-4D65-8904-8CFF056BF51D} = {1DA7D391-B73B-40F9-AB61-20C3A314CA82}
		{177A49BE-57DF-4A0B-8122-E969B7AC3F68} = {A19F422B-DEC2-4AF7-9BD2-B27CD4EC1800}
		{5C597206-533F-4D39-9477-AF7393111AB6} = {A19F422B-DEC2-4AF7-9BD2-B27CD4EC1800}
		{FB3315C4-51DB-47DC-8B1D-B42CA8F09647} = {A19F422B-DEC2-4AF7-9BD2-B27CD4EC1800}
		{F26E0C97-9F42-4D10-99DE-99F4105EEFAE} = {A19F422B-DEC2-4AF7-9BD2-B27CD4EC1800}
		{B1009C8F-D464-48C2-B7F5-9DBA7CF321CF} = {A19F422B-DEC2-4AF7-9BD2-B27CD4EC1800}
		{5BF9F8CE-5981-4C54-86F1-B30279A3026F} = {FE57138D-5CF6-4580-AFF3-20D45A933B65}
		{E6C9318C-46D6-4385-8328-3FB9E1E7C9D3} = {FE57138D-5CF6-4580-AFF3-20D45A933B65}
		{B17B4AC0-F2A9-48A5-962E-B8B31B5BD6DE} = {FE57138D-5CF6-4580-AFF3-20D45A933B65}
		{0A60BB46-440B-4C26-988E-B2D14BA8C60E} = {FE57138D-5CF6-4580-AFF3-20D45A933B65}
		{0F213EF8-C420-444F-BE00-3063C1C7B084} = {DE45C1BF-ED74-4B50-9392-C367ACB0E1CB}
		{8F7E675A-8B29-4A0D-86AC-3EA2686AAA4D} = {DE45C1BF-ED74-4B50-9392-C367ACB0E1CB}
		{A0963917-8D97-467E-BCAC-64A87C5993E5} = {DE45C1BF-ED74-4B50-9392-C367ACB0E1CB}
		{2A3DC60B-4961-4802-A5F3-27812AD76707} = {DE45C1BF-ED74-4B50-9392-C367ACB0E1CB}
		{6A69B88B-A1C9-4A44-8074-F4FA78E79E10} = {DE45C1BF-ED74-4B50-9392-C367ACB0E1CB}
		{DBF1CE35-B1FD-4331-87F5-382B3ACCFBC2} = {DE45C1BF-ED74-4B50-9392-C367ACB0E1CB}
		{BE4481FC-3563-4E07-9759-91F807581400} = {DE45C1BF-ED74-4B50-9392-C367ACB0E1CB}
		{03CF59F3-4930-4A93-AF43-C969BE7808EB} = {CDA5B69C-7D8C-4082-862C-C62FC69E9743}
		{69508C8D-031B-4532-9438-EFB8707B197F} = {CDA5B69C-7D8C-4082-862C-C62FC69E9743}
		{9703F08E-2F7B-443E-8A97-33F37DA26818} = {CDA5B69C-7D8C-4082-862C-C62FC69E9743}
		{257F71CA-9E12-4966-95A0-1B678799A460} = {CDA5B69C-7D8C-4082-862C-C62FC69E9743}
		{CA2D9A47-FB74-4D4C-91D3-61D26AA93E03} = {CDA5B69C-7D8C-4082-862C-C62FC69E9743}
		{E569C2AB-E2EF-4C0A-A77A-FA6BA10DCDAE} = {00E71514-466C-42BA-AE4D-811B0ADFC984}
		{165839D7-E119-4413-B93D-9E95825A1A2B} = {2A515E6E-3012-41FB-9603-D8B6D5BC7A4D}
		{17BFC33E-45FD-4B6A-97AF-79E1E9A3B821} = {2A515E6E-3012-41FB-9603-D8B6D5BC7A4D}
		{6656F1DB-D7F5-4D33-9102-073B1908BBFE} = {2A515E6E-3012-41FB-9603-D8B6D5BC7A4D}
		{970C9638-2751-4A50-A565-E06AACDB033C} = {2A515E6E-3012-41FB-9603-D8B6D5BC7A4D}
		{ABAF15EE-454D-42F7-A168-F95F5CD1EF2D} = {2A515E6E-3012-41FB-9603-D8B6D5BC7A4D}
	EndGlobalSection
	GlobalSection(ExtensibilityGlobals) = postSolution
		SolutionGuid = {5AC1C77E-DAD6-4ED1-BE06-A75D55C80A5B}
	EndGlobalSection
EndGlobal
