
Microsoft Visual Studio Solution File, Format Version 12.00
# Visual Studio Version 16
VisualStudioVersion = 16.0.30225.117
MinimumVisualStudioVersion = 10.0.40219.1
Project("{FAE04EC0-301F-11D3-BF4B-00C04F79EFBC}") = "HelloApp", "HelloApp\HelloApp.csproj", "{E594269A-3285-4584-AC88-29D0FB4B6EF3}"
EndProject
Project("{FAE04EC0-301F-11D3-BF4B-00C04F79EFBC}") = "IntegerType", "IntegerType\IntegerType.csproj", "{187557B4-54F6-4892-8536-AE60CA38C0C6}"
EndProject
Project("{FAE04EC0-301F-11D3-BF4B-00C04F79EFBC}") = "BoxingUnboxing", "BoxingUnboxing\BoxingUnboxing.csproj", "{A8566626-1558-45DE-86AC-5DA71CD7D927}"
EndProject
Project("{FAE04EC0-301F-11D3-BF4B-00C04F79EFBC}") = "IntegralConversion", "IntegralConversion\IntegralConversion.csproj", "{91A5A780-112B-4333-A33A-634BA7EDDC2C}"
EndProject
Project("{2150E333-8FDC-42A3-9474-1A3956D46DE8}") = "Chap03", "Chap03", "{B52D008B-543E-4041-9979-55835F16C90B}"
EndProject
Project("{2150E333-8FDC-42A3-9474-1A3956D46DE8}") = "Chap02", "Chap02", "{128B5D78-C29A-498D-B75A-52EEF8DFE0DC}"
EndProject
Project("{9A19103F-16F7-4668-BE54-9A1E7A4F7556}") = "StringNumberConversion", "StringNumberConversion\StringNumberConversion.csproj", "{8EECB601-5D41-4F4E-8E6D-DCD7AA2D0B51}"
EndProject
Project("{FAE04EC0-301F-11D3-BF4B-00C04F79EFBC}") = "EnumApp", "EnumApp\EnumApp.csproj", "{065FA21A-B53C-4A30-A985-55B1EDB757C4}"
EndProject
Project("{FAE04EC0-301F-11D3-BF4B-00C04F79EFBC}") = "NullableApp", "NullableApp\NullableApp.csproj", "{70B043F1-10E1-457D-9DA0-9E88AF34BB04}"
EndProject
Project("{2150E333-8FDC-42A3-9474-1A3956D46DE8}") = "Appendix A", "Appendix A", "{76DA10F2-B7F8-44F7-BA4D-AFBA1F3A6FAD}"
EndProject
Project("{FAE04EC0-301F-11D3-BF4B-00C04F79EFBC}") = "StringSerachApp", "StringSerachApp\StringSerachApp.csproj", "{ECA303F5-A472-41C1-9A47-4CC26E4E3509}"
EndProject
Project("{2150E333-8FDC-42A3-9474-1A3956D46DE8}") = "Chap05", "Chap05", "{B82D2FBF-22B7-40DA-9883-A2356140E44D}"
EndProject
Project("{FAE04EC0-301F-11D3-BF4B-00C04F79EFBC}") = "IfElseApp", "IfElseApp\IfElseApp.csproj", "{F5D865CF-CA2B-47DA-9607-E1D12BF4FD40}"
EndProject
Project("{FAE04EC0-301F-11D3-BF4B-00C04F79EFBC}") = "SwitchCaseApp", "SwitchCaseApp\SwitchCaseApp.csproj", "{A47FC7AC-DFB4-452F-A842-847AAA7C422E}"
EndProject
Project("{FAE04EC0-301F-11D3-BF4B-00C04F79EFBC}") = "WhileApp", "WhileApp\WhileApp.csproj", "{AC166766-B588-4D04-8B70-4F51C819B316}"
EndProject
Project("{2150E333-8FDC-42A3-9474-1A3956D46DE8}") = "Chap06", "Chap06", "{15412E83-6D4E-47F9-BCE5-DC916F7A69AF}"
EndProject
Project("{FAE04EC0-301F-11D3-BF4B-00C04F79EFBC}") = "SwapByValue", "SwapByValue\SwapByValue.csproj", "{E309DDAC-A610-4863-B792-E5D4671E8294}"
EndProject
Project("{FAE04EC0-301F-11D3-BF4B-00C04F79EFBC}") = "RefReturn", "RefReturn\RefReturn.csproj", "{6511F65D-FBA3-456C-A250-968A2231F912}"
EndProject
Project("{FAE04EC0-301F-11D3-BF4B-00C04F79EFBC}") = "UsingOut", "UsingOut\UsingOut.csproj", "{7CA8C139-1200-4CEE-BEFF-303237C26F1A}"
EndProject
Project("{FAE04EC0-301F-11D3-BF4B-00C04F79EFBC}") = "Overloading", "Overloading\Overloading.csproj", "{FA7437D6-3270-41CD-8FAA-478BFE38A7E5}"
EndProject
Project("{FAE04EC0-301F-11D3-BF4B-00C04F79EFBC}") = "LocalFunction", "LocalFunction\LocalFunction.csproj", "{BC9DA2BD-EF92-4B9E-89A9-D8C83821F82F}"
EndProject
Project("{FAE04EC0-301F-11D3-BF4B-00C04F79EFBC}") = "Ex6_1", "Ex6_1\Ex6_1.csproj", "{A40FC96E-3CEA-4358-B9E3-A3A23577DB2F}"
EndProject
Project("{FAE04EC0-301F-11D3-BF4B-00C04F79EFBC}") = "Ex6_2", "Ex6_2\Ex6_2.csproj", "{0C5388A7-CE31-46BD-928B-D76046343F14}"
EndProject
Project("{FAE04EC0-301F-11D3-BF4B-00C04F79EFBC}") = "Ex6_3", "Ex6_3\Ex6_3.csproj", "{61B5CFFC-3235-4CA5-88D9-0843A0A337DC}"
EndProject
Project("{2150E333-8FDC-42A3-9474-1A3956D46DE8}") = "Chap07", "Chap07", "{EFCE9E2F-F2C7-463F-8A1E-35F407C4370B}"
EndProject
Project("{FAE04EC0-301F-11D3-BF4B-00C04F79EFBC}") = "BasicClass", "BasicClass\BasicClass.csproj", "{5A2E2B74-A6C1-4D67-9466-BDC8113833DA}"
EndProject
Project("{FAE04EC0-301F-11D3-BF4B-00C04F79EFBC}") = "StaticField", "StaticField\StaticField.csproj", "{5232C4F7-2FCA-4B7C-BFF0-C41AFD11FCDB}"
EndProject
Project("{FAE04EC0-301F-11D3-BF4B-00C04F79EFBC}") = "DeepCopy", "DeepCopy\DeepCopy.csproj", "{9A604D9D-B858-48EB-B21A-90568092438F}"
EndProject
Project("{FAE04EC0-301F-11D3-BF4B-00C04F79EFBC}") = "AccessModifier", "AccessModifier\AccessModifier.csproj", "{3BF21A0D-671B-4C13-A432-54EEC00A2BF0}"
EndProject
Project("{FAE04EC0-301F-11D3-BF4B-00C04F79EFBC}") = "Inheritance", "Inheritance\Inheritance.csproj", "{0C4B791F-78F7-4606-8AD4-3533CA4AA1E5}"
EndProject
Global
	GlobalSection(SolutionConfigurationPlatforms) = preSolution
		Debug|Any CPU = Debug|Any CPU
		Release|Any CPU = Release|Any CPU
	EndGlobalSection
	GlobalSection(ProjectConfigurationPlatforms) = postSolution
		{E594269A-3285-4584-AC88-29D0FB4B6EF3}.Debug|Any CPU.ActiveCfg = Debug|Any CPU
		{E594269A-3285-4584-AC88-29D0FB4B6EF3}.Debug|Any CPU.Build.0 = Debug|Any CPU
		{E594269A-3285-4584-AC88-29D0FB4B6EF3}.Release|Any CPU.ActiveCfg = Release|Any CPU
		{E594269A-3285-4584-AC88-29D0FB4B6EF3}.Release|Any CPU.Build.0 = Release|Any CPU
		{187557B4-54F6-4892-8536-AE60CA38C0C6}.Debug|Any CPU.ActiveCfg = Debug|Any CPU
		{187557B4-54F6-4892-8536-AE60CA38C0C6}.Debug|Any CPU.Build.0 = Debug|Any CPU
		{187557B4-54F6-4892-8536-AE60CA38C0C6}.Release|Any CPU.ActiveCfg = Release|Any CPU
		{187557B4-54F6-4892-8536-AE60CA38C0C6}.Release|Any CPU.Build.0 = Release|Any CPU
		{A8566626-1558-45DE-86AC-5DA71CD7D927}.Debug|Any CPU.ActiveCfg = Debug|Any CPU
		{A8566626-1558-45DE-86AC-5DA71CD7D927}.Debug|Any CPU.Build.0 = Debug|Any CPU
		{A8566626-1558-45DE-86AC-5DA71CD7D927}.Release|Any CPU.ActiveCfg = Release|Any CPU
		{A8566626-1558-45DE-86AC-5DA71CD7D927}.Release|Any CPU.Build.0 = Release|Any CPU
		{91A5A780-112B-4333-A33A-634BA7EDDC2C}.Debug|Any CPU.ActiveCfg = Debug|Any CPU
		{91A5A780-112B-4333-A33A-634BA7EDDC2C}.Debug|Any CPU.Build.0 = Debug|Any CPU
		{91A5A780-112B-4333-A33A-634BA7EDDC2C}.Release|Any CPU.ActiveCfg = Release|Any CPU
		{91A5A780-112B-4333-A33A-634BA7EDDC2C}.Release|Any CPU.Build.0 = Release|Any CPU
		{8EECB601-5D41-4F4E-8E6D-DCD7AA2D0B51}.Debug|Any CPU.ActiveCfg = Debug|Any CPU
		{8EECB601-5D41-4F4E-8E6D-DCD7AA2D0B51}.Debug|Any CPU.Build.0 = Debug|Any CPU
		{8EECB601-5D41-4F4E-8E6D-DCD7AA2D0B51}.Release|Any CPU.ActiveCfg = Release|Any CPU
		{8EECB601-5D41-4F4E-8E6D-DCD7AA2D0B51}.Release|Any CPU.Build.0 = Release|Any CPU
		{065FA21A-B53C-4A30-A985-55B1EDB757C4}.Debug|Any CPU.ActiveCfg = Debug|Any CPU
		{065FA21A-B53C-4A30-A985-55B1EDB757C4}.Debug|Any CPU.Build.0 = Debug|Any CPU
		{065FA21A-B53C-4A30-A985-55B1EDB757C4}.Release|Any CPU.ActiveCfg = Release|Any CPU
		{065FA21A-B53C-4A30-A985-55B1EDB757C4}.Release|Any CPU.Build.0 = Release|Any CPU
		{70B043F1-10E1-457D-9DA0-9E88AF34BB04}.Debug|Any CPU.ActiveCfg = Debug|Any CPU
		{70B043F1-10E1-457D-9DA0-9E88AF34BB04}.Debug|Any CPU.Build.0 = Debug|Any CPU
		{70B043F1-10E1-457D-9DA0-9E88AF34BB04}.Release|Any CPU.ActiveCfg = Release|Any CPU
		{70B043F1-10E1-457D-9DA0-9E88AF34BB04}.Release|Any CPU.Build.0 = Release|Any CPU
		{ECA303F5-A472-41C1-9A47-4CC26E4E3509}.Debug|Any CPU.ActiveCfg = Debug|Any CPU
		{ECA303F5-A472-41C1-9A47-4CC26E4E3509}.Debug|Any CPU.Build.0 = Debug|Any CPU
		{ECA303F5-A472-41C1-9A47-4CC26E4E3509}.Release|Any CPU.ActiveCfg = Release|Any CPU
		{ECA303F5-A472-41C1-9A47-4CC26E4E3509}.Release|Any CPU.Build.0 = Release|Any CPU
		{F5D865CF-CA2B-47DA-9607-E1D12BF4FD40}.Debug|Any CPU.ActiveCfg = Debug|Any CPU
		{F5D865CF-CA2B-47DA-9607-E1D12BF4FD40}.Debug|Any CPU.Build.0 = Debug|Any CPU
		{F5D865CF-CA2B-47DA-9607-E1D12BF4FD40}.Release|Any CPU.ActiveCfg = Release|Any CPU
		{F5D865CF-CA2B-47DA-9607-E1D12BF4FD40}.Release|Any CPU.Build.0 = Release|Any CPU
		{A47FC7AC-DFB4-452F-A842-847AAA7C422E}.Debug|Any CPU.ActiveCfg = Debug|Any CPU
		{A47FC7AC-DFB4-452F-A842-847AAA7C422E}.Debug|Any CPU.Build.0 = Debug|Any CPU
		{A47FC7AC-DFB4-452F-A842-847AAA7C422E}.Release|Any CPU.ActiveCfg = Release|Any CPU
		{A47FC7AC-DFB4-452F-A842-847AAA7C422E}.Release|Any CPU.Build.0 = Release|Any CPU
		{AC166766-B588-4D04-8B70-4F51C819B316}.Debug|Any CPU.ActiveCfg = Debug|Any CPU
		{AC166766-B588-4D04-8B70-4F51C819B316}.Debug|Any CPU.Build.0 = Debug|Any CPU
		{AC166766-B588-4D04-8B70-4F51C819B316}.Release|Any CPU.ActiveCfg = Release|Any CPU
		{AC166766-B588-4D04-8B70-4F51C819B316}.Release|Any CPU.Build.0 = Release|Any CPU
		{E309DDAC-A610-4863-B792-E5D4671E8294}.Debug|Any CPU.ActiveCfg = Debug|Any CPU
		{E309DDAC-A610-4863-B792-E5D4671E8294}.Debug|Any CPU.Build.0 = Debug|Any CPU
		{E309DDAC-A610-4863-B792-E5D4671E8294}.Release|Any CPU.ActiveCfg = Release|Any CPU
		{E309DDAC-A610-4863-B792-E5D4671E8294}.Release|Any CPU.Build.0 = Release|Any CPU
		{6511F65D-FBA3-456C-A250-968A2231F912}.Debug|Any CPU.ActiveCfg = Debug|Any CPU
		{6511F65D-FBA3-456C-A250-968A2231F912}.Debug|Any CPU.Build.0 = Debug|Any CPU
		{6511F65D-FBA3-456C-A250-968A2231F912}.Release|Any CPU.ActiveCfg = Release|Any CPU
		{6511F65D-FBA3-456C-A250-968A2231F912}.Release|Any CPU.Build.0 = Release|Any CPU
		{7CA8C139-1200-4CEE-BEFF-303237C26F1A}.Debug|Any CPU.ActiveCfg = Debug|Any CPU
		{7CA8C139-1200-4CEE-BEFF-303237C26F1A}.Debug|Any CPU.Build.0 = Debug|Any CPU
		{7CA8C139-1200-4CEE-BEFF-303237C26F1A}.Release|Any CPU.ActiveCfg = Release|Any CPU
		{7CA8C139-1200-4CEE-BEFF-303237C26F1A}.Release|Any CPU.Build.0 = Release|Any CPU
		{FA7437D6-3270-41CD-8FAA-478BFE38A7E5}.Debug|Any CPU.ActiveCfg = Debug|Any CPU
		{FA7437D6-3270-41CD-8FAA-478BFE38A7E5}.Debug|Any CPU.Build.0 = Debug|Any CPU
		{FA7437D6-3270-41CD-8FAA-478BFE38A7E5}.Release|Any CPU.ActiveCfg = Release|Any CPU
		{FA7437D6-3270-41CD-8FAA-478BFE38A7E5}.Release|Any CPU.Build.0 = Release|Any CPU
		{BC9DA2BD-EF92-4B9E-89A9-D8C83821F82F}.Debug|Any CPU.ActiveCfg = Debug|Any CPU
		{BC9DA2BD-EF92-4B9E-89A9-D8C83821F82F}.Debug|Any CPU.Build.0 = Debug|Any CPU
		{BC9DA2BD-EF92-4B9E-89A9-D8C83821F82F}.Release|Any CPU.ActiveCfg = Release|Any CPU
		{BC9DA2BD-EF92-4B9E-89A9-D8C83821F82F}.Release|Any CPU.Build.0 = Release|Any CPU
		{A40FC96E-3CEA-4358-B9E3-A3A23577DB2F}.Debug|Any CPU.ActiveCfg = Debug|Any CPU
		{A40FC96E-3CEA-4358-B9E3-A3A23577DB2F}.Debug|Any CPU.Build.0 = Debug|Any CPU
		{A40FC96E-3CEA-4358-B9E3-A3A23577DB2F}.Release|Any CPU.ActiveCfg = Release|Any CPU
		{A40FC96E-3CEA-4358-B9E3-A3A23577DB2F}.Release|Any CPU.Build.0 = Release|Any CPU
		{0C5388A7-CE31-46BD-928B-D76046343F14}.Debug|Any CPU.ActiveCfg = Debug|Any CPU
		{0C5388A7-CE31-46BD-928B-D76046343F14}.Debug|Any CPU.Build.0 = Debug|Any CPU
		{0C5388A7-CE31-46BD-928B-D76046343F14}.Release|Any CPU.ActiveCfg = Release|Any CPU
		{0C5388A7-CE31-46BD-928B-D76046343F14}.Release|Any CPU.Build.0 = Release|Any CPU
		{61B5CFFC-3235-4CA5-88D9-0843A0A337DC}.Debug|Any CPU.ActiveCfg = Debug|Any CPU
		{61B5CFFC-3235-4CA5-88D9-0843A0A337DC}.Debug|Any CPU.Build.0 = Debug|Any CPU
		{61B5CFFC-3235-4CA5-88D9-0843A0A337DC}.Release|Any CPU.ActiveCfg = Release|Any CPU
		{61B5CFFC-3235-4CA5-88D9-0843A0A337DC}.Release|Any CPU.Build.0 = Release|Any CPU
		{5A2E2B74-A6C1-4D67-9466-BDC8113833DA}.Debug|Any CPU.ActiveCfg = Debug|Any CPU
		{5A2E2B74-A6C1-4D67-9466-BDC8113833DA}.Debug|Any CPU.Build.0 = Debug|Any CPU
		{5A2E2B74-A6C1-4D67-9466-BDC8113833DA}.Release|Any CPU.ActiveCfg = Release|Any CPU
		{5A2E2B74-A6C1-4D67-9466-BDC8113833DA}.Release|Any CPU.Build.0 = Release|Any CPU
		{5232C4F7-2FCA-4B7C-BFF0-C41AFD11FCDB}.Debug|Any CPU.ActiveCfg = Debug|Any CPU
		{5232C4F7-2FCA-4B7C-BFF0-C41AFD11FCDB}.Debug|Any CPU.Build.0 = Debug|Any CPU
		{5232C4F7-2FCA-4B7C-BFF0-C41AFD11FCDB}.Release|Any CPU.ActiveCfg = Release|Any CPU
		{5232C4F7-2FCA-4B7C-BFF0-C41AFD11FCDB}.Release|Any CPU.Build.0 = Release|Any CPU
		{9A604D9D-B858-48EB-B21A-90568092438F}.Debug|Any CPU.ActiveCfg = Debug|Any CPU
		{9A604D9D-B858-48EB-B21A-90568092438F}.Debug|Any CPU.Build.0 = Debug|Any CPU
		{9A604D9D-B858-48EB-B21A-90568092438F}.Release|Any CPU.ActiveCfg = Release|Any CPU
		{9A604D9D-B858-48EB-B21A-90568092438F}.Release|Any CPU.Build.0 = Release|Any CPU
		{3BF21A0D-671B-4C13-A432-54EEC00A2BF0}.Debug|Any CPU.ActiveCfg = Debug|Any CPU
		{3BF21A0D-671B-4C13-A432-54EEC00A2BF0}.Debug|Any CPU.Build.0 = Debug|Any CPU
		{3BF21A0D-671B-4C13-A432-54EEC00A2BF0}.Release|Any CPU.ActiveCfg = Release|Any CPU
		{3BF21A0D-671B-4C13-A432-54EEC00A2BF0}.Release|Any CPU.Build.0 = Release|Any CPU
		{0C4B791F-78F7-4606-8AD4-3533CA4AA1E5}.Debug|Any CPU.ActiveCfg = Debug|Any CPU
		{0C4B791F-78F7-4606-8AD4-3533CA4AA1E5}.Debug|Any CPU.Build.0 = Debug|Any CPU
		{0C4B791F-78F7-4606-8AD4-3533CA4AA1E5}.Release|Any CPU.ActiveCfg = Release|Any CPU
		{0C4B791F-78F7-4606-8AD4-3533CA4AA1E5}.Release|Any CPU.Build.0 = Release|Any CPU
	EndGlobalSection
	GlobalSection(SolutionProperties) = preSolution
		HideSolutionNode = FALSE
	EndGlobalSection
	GlobalSection(NestedProjects) = preSolution
		{E594269A-3285-4584-AC88-29D0FB4B6EF3} = {128B5D78-C29A-498D-B75A-52EEF8DFE0DC}
		{187557B4-54F6-4892-8536-AE60CA38C0C6} = {B52D008B-543E-4041-9979-55835F16C90B}
		{A8566626-1558-45DE-86AC-5DA71CD7D927} = {B52D008B-543E-4041-9979-55835F16C90B}
		{91A5A780-112B-4333-A33A-634BA7EDDC2C} = {B52D008B-543E-4041-9979-55835F16C90B}
		{8EECB601-5D41-4F4E-8E6D-DCD7AA2D0B51} = {B52D008B-543E-4041-9979-55835F16C90B}
		{065FA21A-B53C-4A30-A985-55B1EDB757C4} = {B52D008B-543E-4041-9979-55835F16C90B}
		{70B043F1-10E1-457D-9DA0-9E88AF34BB04} = {B52D008B-543E-4041-9979-55835F16C90B}
		{ECA303F5-A472-41C1-9A47-4CC26E4E3509} = {76DA10F2-B7F8-44F7-BA4D-AFBA1F3A6FAD}
		{F5D865CF-CA2B-47DA-9607-E1D12BF4FD40} = {B82D2FBF-22B7-40DA-9883-A2356140E44D}
		{A47FC7AC-DFB4-452F-A842-847AAA7C422E} = {B82D2FBF-22B7-40DA-9883-A2356140E44D}
		{AC166766-B588-4D04-8B70-4F51C819B316} = {B82D2FBF-22B7-40DA-9883-A2356140E44D}
		{E309DDAC-A610-4863-B792-E5D4671E8294} = {15412E83-6D4E-47F9-BCE5-DC916F7A69AF}
		{6511F65D-FBA3-456C-A250-968A2231F912} = {15412E83-6D4E-47F9-BCE5-DC916F7A69AF}
		{7CA8C139-1200-4CEE-BEFF-303237C26F1A} = {15412E83-6D4E-47F9-BCE5-DC916F7A69AF}
		{FA7437D6-3270-41CD-8FAA-478BFE38A7E5} = {15412E83-6D4E-47F9-BCE5-DC916F7A69AF}
		{BC9DA2BD-EF92-4B9E-89A9-D8C83821F82F} = {15412E83-6D4E-47F9-BCE5-DC916F7A69AF}
		{A40FC96E-3CEA-4358-B9E3-A3A23577DB2F} = {15412E83-6D4E-47F9-BCE5-DC916F7A69AF}
		{0C5388A7-CE31-46BD-928B-D76046343F14} = {15412E83-6D4E-47F9-BCE5-DC916F7A69AF}
		{61B5CFFC-3235-4CA5-88D9-0843A0A337DC} = {15412E83-6D4E-47F9-BCE5-DC916F7A69AF}
		{5A2E2B74-A6C1-4D67-9466-BDC8113833DA} = {EFCE9E2F-F2C7-463F-8A1E-35F407C4370B}
		{5232C4F7-2FCA-4B7C-BFF0-C41AFD11FCDB} = {EFCE9E2F-F2C7-463F-8A1E-35F407C4370B}
		{9A604D9D-B858-48EB-B21A-90568092438F} = {EFCE9E2F-F2C7-463F-8A1E-35F407C4370B}
		{3BF21A0D-671B-4C13-A432-54EEC00A2BF0} = {EFCE9E2F-F2C7-463F-8A1E-35F407C4370B}
		{0C4B791F-78F7-4606-8AD4-3533CA4AA1E5} = {EFCE9E2F-F2C7-463F-8A1E-35F407C4370B}
	EndGlobalSection
	GlobalSection(ExtensibilityGlobals) = postSolution
		SolutionGuid = {5AC1C77E-DAD6-4ED1-BE06-A75D55C80A5B}
	EndGlobalSection
EndGlobal
