
Microsoft Visual Studio Solution File, Format Version 12.00
# Visual Studio Version 16
VisualStudioVersion = 16.0.30320.27
MinimumVisualStudioVersion = 10.0.40219.1
Project("{FAE04EC0-301F-11D3-BF4B-00C04F79EFBC}") = "WPFCDS", "WPFCDS.csproj", "{8281E850-0E49-463D-94C9-114A3A00F231}"
EndProject
Global
	GlobalSection(SolutionConfigurationPlatforms) = preSolution
		Debug|Any CPU = Debug|Any CPU
		Release|Any CPU = Release|Any CPU
	EndGlobalSection
	GlobalSection(ProjectConfigurationPlatforms) = postSolution
		{8281E850-0E49-463D-94C9-114A3A00F231}.Debug|Any CPU.ActiveCfg = Debug|Any CPU
		{8281E850-0E49-463D-94C9-114A3A00F231}.Debug|Any CPU.Build.0 = Debug|Any CPU
		{8281E850-0E49-463D-94C9-114A3A00F231}.Release|Any CPU.ActiveCfg = Release|Any CPU
		{8281E850-0E49-463D-94C9-114A3A00F231}.Release|Any CPU.Build.0 = Release|Any CPU
	EndGlobalSection
	GlobalSection(SolutionProperties) = preSolution
		HideSolutionNode = FALSE
	EndGlobalSection
	GlobalSection(ExtensibilityGlobals) = postSolution
		SolutionGuid = {9D92E2A5-A691-446A-B008-94C3D081A7CC}
	EndGlobalSection
EndGlobal
